// !$*UTF8*$!
{
	archiveVersion = 1;
	classes = {
	};
	objectVersion = 56;
	objects = {

/* Begin PBXBuildFile section */
		B71B91C12A4CAD5B00843ACA /* AppDelegate.swift in Sources */ = {isa = PBXBuildFile; fileRef = B71B91C02A4CAD5B00843ACA /* AppDelegate.swift */; };
		B71B91C32A4CAD5B00843ACA /* SceneDelegate.swift in Sources */ = {isa = PBXBuildFile; fileRef = B71B91C22A4CAD5B00843ACA /* SceneDelegate.swift */; };
		B71B91C52A4CAD5B00843ACA /* HomeViewController.swift in Sources */ = {isa = PBXBuildFile; fileRef = B71B91C42A4CAD5B00843ACA /* HomeViewController.swift */; };
		B71B91CA2A4CAD5C00843ACA /* Assets.xcassets in Resources */ = {isa = PBXBuildFile; fileRef = B71B91C92A4CAD5C00843ACA /* Assets.xcassets */; };
		B71B91CD2A4CAD5C00843ACA /* LaunchScreen.storyboard in Resources */ = {isa = PBXBuildFile; fileRef = B71B91CB2A4CAD5C00843ACA /* LaunchScreen.storyboard */; };
		B71B91D82A4CAD5D00843ACA /* finduxTests.swift in Sources */ = {isa = PBXBuildFile; fileRef = B71B91D72A4CAD5D00843ACA /* finduxTests.swift */; };
		B71B91E22A4CAD5D00843ACA /* finduxUITests.swift in Sources */ = {isa = PBXBuildFile; fileRef = B71B91E12A4CAD5D00843ACA /* finduxUITests.swift */; };
		B71B91E42A4CAD5D00843ACA /* finduxUITestsLaunchTests.swift in Sources */ = {isa = PBXBuildFile; fileRef = B71B91E32A4CAD5D00843ACA /* finduxUITestsLaunchTests.swift */; };
		B736912F2A7AE57E00A67F4B /* UINavigationControllerExtension.swift in Sources */ = {isa = PBXBuildFile; fileRef = B736912E2A7AE57E00A67F4B /* UINavigationControllerExtension.swift */; };
		B784D4C12A86AD6D00CD0E39 /* BaseChildCoordinator.swift in Sources */ = {isa = PBXBuildFile; fileRef = B784D4C02A86AD6D00CD0E39 /* BaseChildCoordinator.swift */; };
		B784D4C32A86C75B00CD0E39 /* BaseCoordinatorTests.swift in Sources */ = {isa = PBXBuildFile; fileRef = B784D4C22A86C75B00CD0E39 /* BaseCoordinatorTests.swift */; };
		B78D920B2A900E0200AE57E4 /* HomeTwoViewController.swift in Sources */ = {isa = PBXBuildFile; fileRef = B78D920A2A900E0200AE57E4 /* HomeTwoViewController.swift */; };
		B78D920D2A900F3D00AE57E4 /* ProfileTwoViewController.swift in Sources */ = {isa = PBXBuildFile; fileRef = B78D920C2A900F3D00AE57E4 /* ProfileTwoViewController.swift */; };
		B78D920F2A900FCB00AE57E4 /* MaterialTwoViewController.swift in Sources */ = {isa = PBXBuildFile; fileRef = B78D920E2A900FCB00AE57E4 /* MaterialTwoViewController.swift */; };
		B79E3AA72A8EA7AA00C8BD2E /* NavigationControlCoordinator.swift in Sources */ = {isa = PBXBuildFile; fileRef = B79E3AA62A8EA7AA00C8BD2E /* NavigationControlCoordinator.swift */; };
		B79F9FBC2A4CB0BD0000B973 /* Coordinator.swift in Sources */ = {isa = PBXBuildFile; fileRef = B79F9FBB2A4CB0BD0000B973 /* Coordinator.swift */; };
		B79F9FBF2A4CB1E40000B973 /* BaseCoordinator.swift in Sources */ = {isa = PBXBuildFile; fileRef = B79F9FBE2A4CB1E40000B973 /* BaseCoordinator.swift */; };
		B79F9FC12A4CB4B00000B973 /* HomeCoordinator.swift in Sources */ = {isa = PBXBuildFile; fileRef = B79F9FC02A4CB4B00000B973 /* HomeCoordinator.swift */; };
		B79F9FC32A4CE7C40000B973 /* ProfileViewController.swift in Sources */ = {isa = PBXBuildFile; fileRef = B79F9FC22A4CE7C40000B973 /* ProfileViewController.swift */; };
		B79F9FC52A4CE8050000B973 /* MaterialViewController.swift in Sources */ = {isa = PBXBuildFile; fileRef = B79F9FC42A4CE8050000B973 /* MaterialViewController.swift */; };
		B79F9FC82A4D23390000B973 /* ViewControllerCoordinatorDelegate.swift in Sources */ = {isa = PBXBuildFile; fileRef = B79F9FC72A4D23390000B973 /* ViewControllerCoordinatorDelegate.swift */; };
		B79F9FCB2A4DDE730000B973 /* MainCoordinator.swift in Sources */ = {isa = PBXBuildFile; fileRef = B79F9FCA2A4DDE730000B973 /* MainCoordinator.swift */; };
		B7D262D92A4E29A6001757B6 /* ProfileCoordinator.swift in Sources */ = {isa = PBXBuildFile; fileRef = B7D262D82A4E29A6001757B6 /* ProfileCoordinator.swift */; };
		B7D262DB2A4E2A43001757B6 /* MaterialCoordinator.swift in Sources */ = {isa = PBXBuildFile; fileRef = B7D262DA2A4E2A43001757B6 /* MaterialCoordinator.swift */; };
/* End PBXBuildFile section */

/* Begin PBXContainerItemProxy section */
		B71B91D42A4CAD5D00843ACA /* PBXContainerItemProxy */ = {
			isa = PBXContainerItemProxy;
			containerPortal = B71B91B52A4CAD5A00843ACA /* Project object */;
			proxyType = 1;
			remoteGlobalIDString = B71B91BC2A4CAD5A00843ACA;
			remoteInfo = findux;
		};
		B71B91DE2A4CAD5D00843ACA /* PBXContainerItemProxy */ = {
			isa = PBXContainerItemProxy;
			containerPortal = B71B91B52A4CAD5A00843ACA /* Project object */;
			proxyType = 1;
			remoteGlobalIDString = B71B91BC2A4CAD5A00843ACA;
			remoteInfo = findux;
		};
/* End PBXContainerItemProxy section */

/* Begin PBXFileReference section */
		B71B91BD2A4CAD5B00843ACA /* findux.app */ = {isa = PBXFileReference; explicitFileType = wrapper.application; includeInIndex = 0; path = findux.app; sourceTree = BUILT_PRODUCTS_DIR; };
		B71B91C02A4CAD5B00843ACA /* AppDelegate.swift */ = {isa = PBXFileReference; lastKnownFileType = sourcecode.swift; path = AppDelegate.swift; sourceTree = "<group>"; };
		B71B91C22A4CAD5B00843ACA /* SceneDelegate.swift */ = {isa = PBXFileReference; lastKnownFileType = sourcecode.swift; path = SceneDelegate.swift; sourceTree = "<group>"; };
		B71B91C42A4CAD5B00843ACA /* HomeViewController.swift */ = {isa = PBXFileReference; lastKnownFileType = sourcecode.swift; path = HomeViewController.swift; sourceTree = "<group>"; };
		B71B91C92A4CAD5C00843ACA /* Assets.xcassets */ = {isa = PBXFileReference; lastKnownFileType = folder.assetcatalog; path = Assets.xcassets; sourceTree = "<group>"; };
		B71B91CC2A4CAD5C00843ACA /* Base */ = {isa = PBXFileReference; lastKnownFileType = file.storyboard; name = Base; path = Base.lproj/LaunchScreen.storyboard; sourceTree = "<group>"; };
		B71B91CE2A4CAD5C00843ACA /* Info.plist */ = {isa = PBXFileReference; lastKnownFileType = text.plist.xml; path = Info.plist; sourceTree = "<group>"; };
		B71B91D32A4CAD5D00843ACA /* finduxTests.xctest */ = {isa = PBXFileReference; explicitFileType = wrapper.cfbundle; includeInIndex = 0; path = finduxTests.xctest; sourceTree = BUILT_PRODUCTS_DIR; };
		B71B91D72A4CAD5D00843ACA /* finduxTests.swift */ = {isa = PBXFileReference; lastKnownFileType = sourcecode.swift; path = finduxTests.swift; sourceTree = "<group>"; };
		B71B91DD2A4CAD5D00843ACA /* finduxUITests.xctest */ = {isa = PBXFileReference; explicitFileType = wrapper.cfbundle; includeInIndex = 0; path = finduxUITests.xctest; sourceTree = BUILT_PRODUCTS_DIR; };
		B71B91E12A4CAD5D00843ACA /* finduxUITests.swift */ = {isa = PBXFileReference; lastKnownFileType = sourcecode.swift; path = finduxUITests.swift; sourceTree = "<group>"; };
		B71B91E32A4CAD5D00843ACA /* finduxUITestsLaunchTests.swift */ = {isa = PBXFileReference; lastKnownFileType = sourcecode.swift; path = finduxUITestsLaunchTests.swift; sourceTree = "<group>"; };
		B736912E2A7AE57E00A67F4B /* UINavigationControllerExtension.swift */ = {isa = PBXFileReference; lastKnownFileType = sourcecode.swift; path = UINavigationControllerExtension.swift; sourceTree = "<group>"; };
		B784D4C02A86AD6D00CD0E39 /* BaseChildCoordinator.swift */ = {isa = PBXFileReference; lastKnownFileType = sourcecode.swift; path = BaseChildCoordinator.swift; sourceTree = "<group>"; };
		B784D4C22A86C75B00CD0E39 /* BaseCoordinatorTests.swift */ = {isa = PBXFileReference; lastKnownFileType = sourcecode.swift; path = BaseCoordinatorTests.swift; sourceTree = "<group>"; };
		B78D920A2A900E0200AE57E4 /* HomeTwoViewController.swift */ = {isa = PBXFileReference; lastKnownFileType = sourcecode.swift; path = HomeTwoViewController.swift; sourceTree = "<group>"; };
		B78D920C2A900F3D00AE57E4 /* ProfileTwoViewController.swift */ = {isa = PBXFileReference; lastKnownFileType = sourcecode.swift; path = ProfileTwoViewController.swift; sourceTree = "<group>"; };
		B78D920E2A900FCB00AE57E4 /* MaterialTwoViewController.swift */ = {isa = PBXFileReference; lastKnownFileType = sourcecode.swift; path = MaterialTwoViewController.swift; sourceTree = "<group>"; };
		B79E3AA62A8EA7AA00C8BD2E /* NavigationControlCoordinator.swift */ = {isa = PBXFileReference; lastKnownFileType = sourcecode.swift; path = NavigationControlCoordinator.swift; sourceTree = "<group>"; };
		B79F9FBB2A4CB0BD0000B973 /* Coordinator.swift */ = {isa = PBXFileReference; lastKnownFileType = sourcecode.swift; path = Coordinator.swift; sourceTree = "<group>"; };
		B79F9FBE2A4CB1E40000B973 /* BaseCoordinator.swift */ = {isa = PBXFileReference; lastKnownFileType = sourcecode.swift; path = BaseCoordinator.swift; sourceTree = "<group>"; };
		B79F9FC02A4CB4B00000B973 /* HomeCoordinator.swift */ = {isa = PBXFileReference; lastKnownFileType = sourcecode.swift; path = HomeCoordinator.swift; sourceTree = "<group>"; };
		B79F9FC22A4CE7C40000B973 /* ProfileViewController.swift */ = {isa = PBXFileReference; lastKnownFileType = sourcecode.swift; path = ProfileViewController.swift; sourceTree = "<group>"; };
		B79F9FC42A4CE8050000B973 /* MaterialViewController.swift */ = {isa = PBXFileReference; lastKnownFileType = sourcecode.swift; path = MaterialViewController.swift; sourceTree = "<group>"; };
		B79F9FC72A4D23390000B973 /* ViewControllerCoordinatorDelegate.swift */ = {isa = PBXFileReference; lastKnownFileType = sourcecode.swift; path = ViewControllerCoordinatorDelegate.swift; sourceTree = "<group>"; };
		B79F9FCA2A4DDE730000B973 /* MainCoordinator.swift */ = {isa = PBXFileReference; lastKnownFileType = sourcecode.swift; path = MainCoordinator.swift; sourceTree = "<group>"; };
		B7D262D82A4E29A6001757B6 /* ProfileCoordinator.swift */ = {isa = PBXFileReference; lastKnownFileType = sourcecode.swift; path = ProfileCoordinator.swift; sourceTree = "<group>"; };
		B7D262DA2A4E2A43001757B6 /* MaterialCoordinator.swift */ = {isa = PBXFileReference; lastKnownFileType = sourcecode.swift; path = MaterialCoordinator.swift; sourceTree = "<group>"; };
/* End PBXFileReference section */

/* Begin PBXFrameworksBuildPhase section */
		B71B91BA2A4CAD5A00843ACA /* Frameworks */ = {
			isa = PBXFrameworksBuildPhase;
			buildActionMask = 2147483647;
			files = (
			);
			runOnlyForDeploymentPostprocessing = 0;
		};
		B71B91D02A4CAD5D00843ACA /* Frameworks */ = {
			isa = PBXFrameworksBuildPhase;
			buildActionMask = 2147483647;
			files = (
			);
			runOnlyForDeploymentPostprocessing = 0;
		};
		B71B91DA2A4CAD5D00843ACA /* Frameworks */ = {
			isa = PBXFrameworksBuildPhase;
			buildActionMask = 2147483647;
			files = (
			);
			runOnlyForDeploymentPostprocessing = 0;
		};
/* End PBXFrameworksBuildPhase section */

/* Begin PBXGroup section */
		B71B91B42A4CAD5A00843ACA = {
			isa = PBXGroup;
			children = (
				B71B91BF2A4CAD5B00843ACA /* findux */,
				B71B91D62A4CAD5D00843ACA /* finduxTests */,
				B71B91E02A4CAD5D00843ACA /* finduxUITests */,
				B71B91BE2A4CAD5B00843ACA /* Products */,
			);
			sourceTree = "<group>";
		};
		B71B91BE2A4CAD5B00843ACA /* Products */ = {
			isa = PBXGroup;
			children = (
				B71B91BD2A4CAD5B00843ACA /* findux.app */,
				B71B91D32A4CAD5D00843ACA /* finduxTests.xctest */,
				B71B91DD2A4CAD5D00843ACA /* finduxUITests.xctest */,
			);
			name = Products;
			sourceTree = "<group>";
		};
		B71B91BF2A4CAD5B00843ACA /* findux */ = {
			isa = PBXGroup;
			children = (
				B71B91C02A4CAD5B00843ACA /* AppDelegate.swift */,
				B71B91C22A4CAD5B00843ACA /* SceneDelegate.swift */,
				B71B91C92A4CAD5C00843ACA /* Assets.xcassets */,
				B71B91CB2A4CAD5C00843ACA /* LaunchScreen.storyboard */,
				B71B91CE2A4CAD5C00843ACA /* Info.plist */,
				B79F9FBD2A4CB1B20000B973 /* Coordinator */,
				B79F9FC62A4D23210000B973 /* ViewController */,
				B73691302A7AE61B00A67F4B /* Extension */,
				B78D92012A8FFDD900AE57E4 /* Home */,
				B78D92022A8FFDE000AE57E4 /* Profile */,
				B78D92032A8FFDE800AE57E4 /* Material */,
			);
			path = findux;
			sourceTree = "<group>";
		};
		B71B91D62A4CAD5D00843ACA /* finduxTests */ = {
			isa = PBXGroup;
			children = (
				B71B91D72A4CAD5D00843ACA /* finduxTests.swift */,
				B784D4C22A86C75B00CD0E39 /* BaseCoordinatorTests.swift */,
			);
			path = finduxTests;
			sourceTree = "<group>";
		};
		B71B91E02A4CAD5D00843ACA /* finduxUITests */ = {
			isa = PBXGroup;
			children = (
				B71B91E12A4CAD5D00843ACA /* finduxUITests.swift */,
				B71B91E32A4CAD5D00843ACA /* finduxUITestsLaunchTests.swift */,
			);
			path = finduxUITests;
			sourceTree = "<group>";
		};
		B73691302A7AE61B00A67F4B /* Extension */ = {
			isa = PBXGroup;
			children = (
				B736912E2A7AE57E00A67F4B /* UINavigationControllerExtension.swift */,
			);
			path = Extension;
			sourceTree = "<group>";
		};
		B78D92012A8FFDD900AE57E4 /* Home */ = {
			isa = PBXGroup;
			children = (
				B78D92042A90001500AE57E4 /* Coordinator */,
				B78D92072A90004900AE57E4 /* ViewController */,
			);
			path = Home;
			sourceTree = "<group>";
		};
		B78D92022A8FFDE000AE57E4 /* Profile */ = {
			isa = PBXGroup;
			children = (
				B78D92062A90002600AE57E4 /* Coordinator */,
				B78D92082A90005200AE57E4 /* ViewController */,
			);
			path = Profile;
			sourceTree = "<group>";
		};
		B78D92032A8FFDE800AE57E4 /* Material */ = {
			isa = PBXGroup;
			children = (
				B78D92052A90001E00AE57E4 /* Coordinator */,
				B78D92092A90005B00AE57E4 /* ViewController */,
			);
			path = Material;
			sourceTree = "<group>";
		};
		B78D92042A90001500AE57E4 /* Coordinator */ = {
			isa = PBXGroup;
			children = (
				B79F9FC02A4CB4B00000B973 /* HomeCoordinator.swift */,
			);
			path = Coordinator;
			sourceTree = "<group>";
		};
		B78D92052A90001E00AE57E4 /* Coordinator */ = {
			isa = PBXGroup;
			children = (
				B7D262DA2A4E2A43001757B6 /* MaterialCoordinator.swift */,
			);
			path = Coordinator;
			sourceTree = "<group>";
		};
		B78D92062A90002600AE57E4 /* Coordinator */ = {
			isa = PBXGroup;
			children = (
				B7D262D82A4E29A6001757B6 /* ProfileCoordinator.swift */,
			);
			path = Coordinator;
			sourceTree = "<group>";
		};
		B78D92072A90004900AE57E4 /* ViewController */ = {
			isa = PBXGroup;
			children = (
				B71B91C42A4CAD5B00843ACA /* HomeViewController.swift */,
				B78D920A2A900E0200AE57E4 /* HomeTwoViewController.swift */,
			);
			path = ViewController;
			sourceTree = "<group>";
		};
		B78D92082A90005200AE57E4 /* ViewController */ = {
			isa = PBXGroup;
			children = (
				B79F9FC22A4CE7C40000B973 /* ProfileViewController.swift */,
				B78D920C2A900F3D00AE57E4 /* ProfileTwoViewController.swift */,
			);
			path = ViewController;
			sourceTree = "<group>";
		};
		B78D92092A90005B00AE57E4 /* ViewController */ = {
			isa = PBXGroup;
			children = (
				B79F9FC42A4CE8050000B973 /* MaterialViewController.swift */,
				B78D920E2A900FCB00AE57E4 /* MaterialTwoViewController.swift */,
			);
			path = ViewController;
			sourceTree = "<group>";
		};
		B79F9FBD2A4CB1B20000B973 /* Coordinator */ = {
			isa = PBXGroup;
			children = (
				B79F9FBB2A4CB0BD0000B973 /* Coordinator.swift */,
				B79F9FBE2A4CB1E40000B973 /* BaseCoordinator.swift */,
				B784D4C02A86AD6D00CD0E39 /* BaseChildCoordinator.swift */,
				B79F9FCA2A4DDE730000B973 /* MainCoordinator.swift */,
				B79E3AA62A8EA7AA00C8BD2E /* NavigationControlCoordinator.swift */,
			);
			path = Coordinator;
			sourceTree = "<group>";
		};
		B79F9FC62A4D23210000B973 /* ViewController */ = {
			isa = PBXGroup;
			children = (
				B79F9FC72A4D23390000B973 /* ViewControllerCoordinatorDelegate.swift */,
			);
			path = ViewController;
			sourceTree = "<group>";
		};
/* End PBXGroup section */

/* Begin PBXNativeTarget section */
		B71B91BC2A4CAD5A00843ACA /* findux */ = {
			isa = PBXNativeTarget;
			buildConfigurationList = B71B91E72A4CAD5D00843ACA /* Build configuration list for PBXNativeTarget "findux" */;
			buildPhases = (
				B71B91B92A4CAD5A00843ACA /* Sources */,
				B71B91BA2A4CAD5A00843ACA /* Frameworks */,
				B71B91BB2A4CAD5A00843ACA /* Resources */,
			);
			buildRules = (
			);
			dependencies = (
			);
			name = findux;
			productName = findux;
			productReference = B71B91BD2A4CAD5B00843ACA /* findux.app */;
			productType = "com.apple.product-type.application";
		};
		B71B91D22A4CAD5D00843ACA /* finduxTests */ = {
			isa = PBXNativeTarget;
			buildConfigurationList = B71B91EA2A4CAD5D00843ACA /* Build configuration list for PBXNativeTarget "finduxTests" */;
			buildPhases = (
				B71B91CF2A4CAD5D00843ACA /* Sources */,
				B71B91D02A4CAD5D00843ACA /* Frameworks */,
				B71B91D12A4CAD5D00843ACA /* Resources */,
			);
			buildRules = (
			);
			dependencies = (
				B71B91D52A4CAD5D00843ACA /* PBXTargetDependency */,
			);
			name = finduxTests;
			productName = finduxTests;
			productReference = B71B91D32A4CAD5D00843ACA /* finduxTests.xctest */;
			productType = "com.apple.product-type.bundle.unit-test";
		};
		B71B91DC2A4CAD5D00843ACA /* finduxUITests */ = {
			isa = PBXNativeTarget;
			buildConfigurationList = B71B91ED2A4CAD5D00843ACA /* Build configuration list for PBXNativeTarget "finduxUITests" */;
			buildPhases = (
				B71B91D92A4CAD5D00843ACA /* Sources */,
				B71B91DA2A4CAD5D00843ACA /* Frameworks */,
				B71B91DB2A4CAD5D00843ACA /* Resources */,
			);
			buildRules = (
			);
			dependencies = (
				B71B91DF2A4CAD5D00843ACA /* PBXTargetDependency */,
			);
			name = finduxUITests;
			productName = finduxUITests;
			productReference = B71B91DD2A4CAD5D00843ACA /* finduxUITests.xctest */;
			productType = "com.apple.product-type.bundle.ui-testing";
		};
/* End PBXNativeTarget section */

/* Begin PBXProject section */
		B71B91B52A4CAD5A00843ACA /* Project object */ = {
			isa = PBXProject;
			attributes = {
				BuildIndependentTargetsInParallel = 1;
				LastSwiftUpdateCheck = 1420;
				LastUpgradeCheck = 1420;
				TargetAttributes = {
					B71B91BC2A4CAD5A00843ACA = {
						CreatedOnToolsVersion = 14.2;
					};
					B71B91D22A4CAD5D00843ACA = {
						CreatedOnToolsVersion = 14.2;
						TestTargetID = B71B91BC2A4CAD5A00843ACA;
					};
					B71B91DC2A4CAD5D00843ACA = {
						CreatedOnToolsVersion = 14.2;
						TestTargetID = B71B91BC2A4CAD5A00843ACA;
					};
				};
			};
			buildConfigurationList = B71B91B82A4CAD5A00843ACA /* Build configuration list for PBXProject "findux" */;
			compatibilityVersion = "Xcode 14.0";
			developmentRegion = en;
			hasScannedForEncodings = 0;
			knownRegions = (
				en,
				Base,
			);
			mainGroup = B71B91B42A4CAD5A00843ACA;
			productRefGroup = B71B91BE2A4CAD5B00843ACA /* Products */;
			projectDirPath = "";
			projectRoot = "";
			targets = (
				B71B91BC2A4CAD5A00843ACA /* findux */,
				B71B91D22A4CAD5D00843ACA /* finduxTests */,
				B71B91DC2A4CAD5D00843ACA /* finduxUITests */,
			);
		};
/* End PBXProject section */

/* Begin PBXResourcesBuildPhase section */
		B71B91BB2A4CAD5A00843ACA /* Resources */ = {
			isa = PBXResourcesBuildPhase;
			buildActionMask = 2147483647;
			files = (
				B71B91CD2A4CAD5C00843ACA /* LaunchScreen.storyboard in Resources */,
				B71B91CA2A4CAD5C00843ACA /* Assets.xcassets in Resources */,
			);
			runOnlyForDeploymentPostprocessing = 0;
		};
		B71B91D12A4CAD5D00843ACA /* Resources */ = {
			isa = PBXResourcesBuildPhase;
			buildActionMask = 2147483647;
			files = (
			);
			runOnlyForDeploymentPostprocessing = 0;
		};
		B71B91DB2A4CAD5D00843ACA /* Resources */ = {
			isa = PBXResourcesBuildPhase;
			buildActionMask = 2147483647;
			files = (
			);
			runOnlyForDeploymentPostprocessing = 0;
		};
/* End PBXResourcesBuildPhase section */

/* Begin PBXSourcesBuildPhase section */
		B71B91B92A4CAD5A00843ACA /* Sources */ = {
			isa = PBXSourcesBuildPhase;
			buildActionMask = 2147483647;
			files = (
				B7D262D92A4E29A6001757B6 /* ProfileCoordinator.swift in Sources */,
				B79F9FBC2A4CB0BD0000B973 /* Coordinator.swift in Sources */,
				B79E3AA72A8EA7AA00C8BD2E /* NavigationControlCoordinator.swift in Sources */,
				B736912F2A7AE57E00A67F4B /* UINavigationControllerExtension.swift in Sources */,
				B71B91C52A4CAD5B00843ACA /* HomeViewController.swift in Sources */,
				B784D4C12A86AD6D00CD0E39 /* BaseChildCoordinator.swift in Sources */,
				B7D262DB2A4E2A43001757B6 /* MaterialCoordinator.swift in Sources */,
				B71B91C12A4CAD5B00843ACA /* AppDelegate.swift in Sources */,
				B78D920B2A900E0200AE57E4 /* HomeTwoViewController.swift in Sources */,
				B79F9FCB2A4DDE730000B973 /* MainCoordinator.swift in Sources */,
				B79F9FBF2A4CB1E40000B973 /* BaseCoordinator.swift in Sources */,
				B79F9FC32A4CE7C40000B973 /* ProfileViewController.swift in Sources */,
				B71B91C32A4CAD5B00843ACA /* SceneDelegate.swift in Sources */,
				B79F9FC52A4CE8050000B973 /* MaterialViewController.swift in Sources */,
				B78D920F2A900FCB00AE57E4 /* MaterialTwoViewController.swift in Sources */,
				B79F9FC12A4CB4B00000B973 /* HomeCoordinator.swift in Sources */,
				B78D920D2A900F3D00AE57E4 /* ProfileTwoViewController.swift in Sources */,
				B79F9FC82A4D23390000B973 /* ViewControllerCoordinatorDelegate.swift in Sources */,
			);
			runOnlyForDeploymentPostprocessing = 0;
		};
		B71B91CF2A4CAD5D00843ACA /* Sources */ = {
			isa = PBXSourcesBuildPhase;
			buildActionMask = 2147483647;
			files = (
				B71B91D82A4CAD5D00843ACA /* finduxTests.swift in Sources */,
				B784D4C32A86C75B00CD0E39 /* BaseCoordinatorTests.swift in Sources */,
			);
			runOnlyForDeploymentPostprocessing = 0;
		};
		B71B91D92A4CAD5D00843ACA /* Sources */ = {
			isa = PBXSourcesBuildPhase;
			buildActionMask = 2147483647;
			files = (
				B71B91E42A4CAD5D00843ACA /* finduxUITestsLaunchTests.swift in Sources */,
				B71B91E22A4CAD5D00843ACA /* finduxUITests.swift in Sources */,
			);
			runOnlyForDeploymentPostprocessing = 0;
		};
/* End PBXSourcesBuildPhase section */

/* Begin PBXTargetDependency section */
		B71B91D52A4CAD5D00843ACA /* PBXTargetDependency */ = {
			isa = PBXTargetDependency;
			target = B71B91BC2A4CAD5A00843ACA /* findux */;
			targetProxy = B71B91D42A4CAD5D00843ACA /* PBXContainerItemProxy */;
		};
		B71B91DF2A4CAD5D00843ACA /* PBXTargetDependency */ = {
			isa = PBXTargetDependency;
			target = B71B91BC2A4CAD5A00843ACA /* findux */;
			targetProxy = B71B91DE2A4CAD5D00843ACA /* PBXContainerItemProxy */;
		};
/* End PBXTargetDependency section */

/* Begin PBXVariantGroup section */
		B71B91CB2A4CAD5C00843ACA /* LaunchScreen.storyboard */ = {
			isa = PBXVariantGroup;
			children = (
				B71B91CC2A4CAD5C00843ACA /* Base */,
			);
			name = LaunchScreen.storyboard;
			sourceTree = "<group>";
		};
/* End PBXVariantGroup section */

/* Begin XCBuildConfiguration section */
		B71B91E52A4CAD5D00843ACA /* Debug */ = {
			isa = XCBuildConfiguration;
			buildSettings = {
				ALWAYS_SEARCH_USER_PATHS = NO;
				CLANG_ANALYZER_NONNULL = YES;
				CLANG_ANALYZER_NUMBER_OBJECT_CONVERSION = YES_AGGRESSIVE;
				CLANG_CXX_LANGUAGE_STANDARD = "gnu++20";
				CLANG_ENABLE_MODULES = YES;
				CLANG_ENABLE_OBJC_ARC = YES;
				CLANG_ENABLE_OBJC_WEAK = YES;
				CLANG_WARN_BLOCK_CAPTURE_AUTORELEASING = YES;
				CLANG_WARN_BOOL_CONVERSION = YES;
				CLANG_WARN_COMMA = YES;
				CLANG_WARN_CONSTANT_CONVERSION = YES;
				CLANG_WARN_DEPRECATED_OBJC_IMPLEMENTATIONS = YES;
				CLANG_WARN_DIRECT_OBJC_ISA_USAGE = YES_ERROR;
				CLANG_WARN_DOCUMENTATION_COMMENTS = YES;
				CLANG_WARN_EMPTY_BODY = YES;
				CLANG_WARN_ENUM_CONVERSION = YES;
				CLANG_WARN_INFINITE_RECURSION = YES;
				CLANG_WARN_INT_CONVERSION = YES;
				CLANG_WARN_NON_LITERAL_NULL_CONVERSION = YES;
				CLANG_WARN_OBJC_IMPLICIT_RETAIN_SELF = YES;
				CLANG_WARN_OBJC_LITERAL_CONVERSION = YES;
				CLANG_WARN_OBJC_ROOT_CLASS = YES_ERROR;
				CLANG_WARN_QUOTED_INCLUDE_IN_FRAMEWORK_HEADER = YES;
				CLANG_WARN_RANGE_LOOP_ANALYSIS = YES;
				CLANG_WARN_STRICT_PROTOTYPES = YES;
				CLANG_WARN_SUSPICIOUS_MOVE = YES;
				CLANG_WARN_UNGUARDED_AVAILABILITY = YES_AGGRESSIVE;
				CLANG_WARN_UNREACHABLE_CODE = YES;
				CLANG_WARN__DUPLICATE_METHOD_MATCH = YES;
				COPY_PHASE_STRIP = NO;
				DEBUG_INFORMATION_FORMAT = dwarf;
				ENABLE_STRICT_OBJC_MSGSEND = YES;
				ENABLE_TESTABILITY = YES;
				GCC_C_LANGUAGE_STANDARD = gnu11;
				GCC_DYNAMIC_NO_PIC = NO;
				GCC_NO_COMMON_BLOCKS = YES;
				GCC_OPTIMIZATION_LEVEL = 0;
				GCC_PREPROCESSOR_DEFINITIONS = (
					"DEBUG=1",
					"$(inherited)",
				);
				GCC_WARN_64_TO_32_BIT_CONVERSION = YES;
				GCC_WARN_ABOUT_RETURN_TYPE = YES_ERROR;
				GCC_WARN_UNDECLARED_SELECTOR = YES;
				GCC_WARN_UNINITIALIZED_AUTOS = YES_AGGRESSIVE;
				GCC_WARN_UNUSED_FUNCTION = YES;
				GCC_WARN_UNUSED_VARIABLE = YES;
				IPHONEOS_DEPLOYMENT_TARGET = 13.0;
				MTL_ENABLE_DEBUG_INFO = INCLUDE_SOURCE;
				MTL_FAST_MATH = YES;
				ONLY_ACTIVE_ARCH = YES;
				SDKROOT = iphoneos;
				SWIFT_ACTIVE_COMPILATION_CONDITIONS = DEBUG;
				SWIFT_OPTIMIZATION_LEVEL = "-Onone";
			};
			name = Debug;
		};
		B71B91E62A4CAD5D00843ACA /* Release */ = {
			isa = XCBuildConfiguration;
			buildSettings = {
				ALWAYS_SEARCH_USER_PATHS = NO;
				CLANG_ANALYZER_NONNULL = YES;
				CLANG_ANALYZER_NUMBER_OBJECT_CONVERSION = YES_AGGRESSIVE;
				CLANG_CXX_LANGUAGE_STANDARD = "gnu++20";
				CLANG_ENABLE_MODULES = YES;
				CLANG_ENABLE_OBJC_ARC = YES;
				CLANG_ENABLE_OBJC_WEAK = YES;
				CLANG_WARN_BLOCK_CAPTURE_AUTORELEASING = YES;
				CLANG_WARN_BOOL_CONVERSION = YES;
				CLANG_WARN_COMMA = YES;
				CLANG_WARN_CONSTANT_CONVERSION = YES;
				CLANG_WARN_DEPRECATED_OBJC_IMPLEMENTATIONS = YES;
				CLANG_WARN_DIRECT_OBJC_ISA_USAGE = YES_ERROR;
				CLANG_WARN_DOCUMENTATION_COMMENTS = YES;
				CLANG_WARN_EMPTY_BODY = YES;
				CLANG_WARN_ENUM_CONVERSION = YES;
				CLANG_WARN_INFINITE_RECURSION = YES;
				CLANG_WARN_INT_CONVERSION = YES;
				CLANG_WARN_NON_LITERAL_NULL_CONVERSION = YES;
				CLANG_WARN_OBJC_IMPLICIT_RETAIN_SELF = YES;
				CLANG_WARN_OBJC_LITERAL_CONVERSION = YES;
				CLANG_WARN_OBJC_ROOT_CLASS = YES_ERROR;
				CLANG_WARN_QUOTED_INCLUDE_IN_FRAMEWORK_HEADER = YES;
				CLANG_WARN_RANGE_LOOP_ANALYSIS = YES;
				CLANG_WARN_STRICT_PROTOTYPES = YES;
				CLANG_WARN_SUSPICIOUS_MOVE = YES;
				CLANG_WARN_UNGUARDED_AVAILABILITY = YES_AGGRESSIVE;
				CLANG_WARN_UNREACHABLE_CODE = YES;
				CLANG_WARN__DUPLICATE_METHOD_MATCH = YES;
				COPY_PHASE_STRIP = NO;
				DEBUG_INFORMATION_FORMAT = "dwarf-with-dsym";
				ENABLE_NS_ASSERTIONS = NO;
				ENABLE_STRICT_OBJC_MSGSEND = YES;
				GCC_C_LANGUAGE_STANDARD = gnu11;
				GCC_NO_COMMON_BLOCKS = YES;
				GCC_WARN_64_TO_32_BIT_CONVERSION = YES;
				GCC_WARN_ABOUT_RETURN_TYPE = YES_ERROR;
				GCC_WARN_UNDECLARED_SELECTOR = YES;
				GCC_WARN_UNINITIALIZED_AUTOS = YES_AGGRESSIVE;
				GCC_WARN_UNUSED_FUNCTION = YES;
				GCC_WARN_UNUSED_VARIABLE = YES;
				IPHONEOS_DEPLOYMENT_TARGET = 13.0;
				MTL_ENABLE_DEBUG_INFO = NO;
				MTL_FAST_MATH = YES;
				SDKROOT = iphoneos;
				SWIFT_COMPILATION_MODE = wholemodule;
				SWIFT_OPTIMIZATION_LEVEL = "-O";
				VALIDATE_PRODUCT = YES;
			};
			name = Release;
		};
		B71B91E82A4CAD5D00843ACA /* Debug */ = {
			isa = XCBuildConfiguration;
			buildSettings = {
				ASSETCATALOG_COMPILER_APPICON_NAME = AppIcon;
				ASSETCATALOG_COMPILER_GLOBAL_ACCENT_COLOR_NAME = AccentColor;
				CODE_SIGN_STYLE = Automatic;
				CURRENT_PROJECT_VERSION = 1;
				DEVELOPMENT_TEAM = 9QCEA3X339;
				GENERATE_INFOPLIST_FILE = YES;
				INFOPLIST_FILE = findux/Info.plist;
				INFOPLIST_KEY_CFBundleDisplayName = Findux;
				INFOPLIST_KEY_LSApplicationCategoryType = "public.app-category.finance";
				INFOPLIST_KEY_UIApplicationSupportsIndirectInputEvents = YES;
				INFOPLIST_KEY_UILaunchStoryboardName = LaunchScreen;
				INFOPLIST_KEY_UISupportedInterfaceOrientations_iPad = "UIInterfaceOrientationPortrait UIInterfaceOrientationPortraitUpsideDown UIInterfaceOrientationLandscapeLeft UIInterfaceOrientationLandscapeRight";
				INFOPLIST_KEY_UISupportedInterfaceOrientations_iPhone = "UIInterfaceOrientationPortrait UIInterfaceOrientationLandscapeLeft UIInterfaceOrientationLandscapeRight";
				IPHONEOS_DEPLOYMENT_TARGET = 13.0;
				LD_RUNPATH_SEARCH_PATHS = (
					"$(inherited)",
					"@executable_path/Frameworks",
				);
				MARKETING_VERSION = 1.0;
				PRODUCT_BUNDLE_IDENTIFIER = com.ifce.findux;
				PRODUCT_NAME = "$(TARGET_NAME)";
				SWIFT_EMIT_LOC_STRINGS = YES;
				SWIFT_VERSION = 5.0;
				TARGETED_DEVICE_FAMILY = "1,2";
			};
			name = Debug;
		};
		B71B91E92A4CAD5D00843ACA /* Release */ = {
			isa = XCBuildConfiguration;
			buildSettings = {
				ASSETCATALOG_COMPILER_APPICON_NAME = AppIcon;
				ASSETCATALOG_COMPILER_GLOBAL_ACCENT_COLOR_NAME = AccentColor;
				CODE_SIGN_STYLE = Automatic;
				CURRENT_PROJECT_VERSION = 1;
				DEVELOPMENT_TEAM = 9QCEA3X339;
				GENERATE_INFOPLIST_FILE = YES;
				INFOPLIST_FILE = findux/Info.plist;
				INFOPLIST_KEY_CFBundleDisplayName = Findux;
				INFOPLIST_KEY_LSApplicationCategoryType = "public.app-category.finance";
				INFOPLIST_KEY_UIApplicationSupportsIndirectInputEvents = YES;
				INFOPLIST_KEY_UILaunchStoryboardName = LaunchScreen;
				INFOPLIST_KEY_UISupportedInterfaceOrientations_iPad = "UIInterfaceOrientationPortrait UIInterfaceOrientationPortraitUpsideDown UIInterfaceOrientationLandscapeLeft UIInterfaceOrientationLandscapeRight";
				INFOPLIST_KEY_UISupportedInterfaceOrientations_iPhone = "UIInterfaceOrientationPortrait UIInterfaceOrientationLandscapeLeft UIInterfaceOrientationLandscapeRight";
				IPHONEOS_DEPLOYMENT_TARGET = 13.0;
				LD_RUNPATH_SEARCH_PATHS = (
					"$(inherited)",
					"@executable_path/Frameworks",
				);
				MARKETING_VERSION = 1.0;
				PRODUCT_BUNDLE_IDENTIFIER = com.ifce.findux;
				PRODUCT_NAME = "$(TARGET_NAME)";
				SWIFT_EMIT_LOC_STRINGS = YES;
				SWIFT_VERSION = 5.0;
				TARGETED_DEVICE_FAMILY = "1,2";
			};
			name = Release;
		};
		B71B91EB2A4CAD5D00843ACA /* Debug */ = {
			isa = XCBuildConfiguration;
			buildSettings = {
				ALWAYS_EMBED_SWIFT_STANDARD_LIBRARIES = YES;
				BUNDLE_LOADER = "$(TEST_HOST)";
				CODE_SIGN_STYLE = Automatic;
				CURRENT_PROJECT_VERSION = 1;
				DEVELOPMENT_TEAM = 9QCEA3X339;
				GENERATE_INFOPLIST_FILE = YES;
				IPHONEOS_DEPLOYMENT_TARGET = 13.0;
				MARKETING_VERSION = 1.0;
				PRODUCT_BUNDLE_IDENTIFIER = com.ifce.finduxTests;
				PRODUCT_NAME = "$(TARGET_NAME)";
				SWIFT_EMIT_LOC_STRINGS = NO;
				SWIFT_VERSION = 5.0;
				TARGETED_DEVICE_FAMILY = "1,2";
				TEST_HOST = "$(BUILT_PRODUCTS_DIR)/findux.app/$(BUNDLE_EXECUTABLE_FOLDER_PATH)/findux";
			};
			name = Debug;
		};
		B71B91EC2A4CAD5D00843ACA /* Release */ = {
			isa = XCBuildConfiguration;
			buildSettings = {
				ALWAYS_EMBED_SWIFT_STANDARD_LIBRARIES = YES;
				BUNDLE_LOADER = "$(TEST_HOST)";
				CODE_SIGN_STYLE = Automatic;
				CURRENT_PROJECT_VERSION = 1;
				DEVELOPMENT_TEAM = 9QCEA3X339;
				GENERATE_INFOPLIST_FILE = YES;
				IPHONEOS_DEPLOYMENT_TARGET = 13.0;
				MARKETING_VERSION = 1.0;
				PRODUCT_BUNDLE_IDENTIFIER = com.ifce.finduxTests;
				PRODUCT_NAME = "$(TARGET_NAME)";
				SWIFT_EMIT_LOC_STRINGS = NO;
				SWIFT_VERSION = 5.0;
				TARGETED_DEVICE_FAMILY = "1,2";
				TEST_HOST = "$(BUILT_PRODUCTS_DIR)/findux.app/$(BUNDLE_EXECUTABLE_FOLDER_PATH)/findux";
			};
			name = Release;
		};
		B71B91EE2A4CAD5D00843ACA /* Debug */ = {
			isa = XCBuildConfiguration;
			buildSettings = {
				ALWAYS_EMBED_SWIFT_STANDARD_LIBRARIES = YES;
				CODE_SIGN_STYLE = Automatic;
				CURRENT_PROJECT_VERSION = 1;
				DEVELOPMENT_TEAM = 9QCEA3X339;
				GENERATE_INFOPLIST_FILE = YES;
				MARKETING_VERSION = 1.0;
				PRODUCT_BUNDLE_IDENTIFIER = com.ifce.finduxUITests;
				PRODUCT_NAME = "$(TARGET_NAME)";
				SWIFT_EMIT_LOC_STRINGS = NO;
				SWIFT_VERSION = 5.0;
				TARGETED_DEVICE_FAMILY = "1,2";
				TEST_TARGET_NAME = findux;
			};
			name = Debug;
		};
		B71B91EF2A4CAD5D00843ACA /* Release */ = {
			isa = XCBuildConfiguration;
			buildSettings = {
				ALWAYS_EMBED_SWIFT_STANDARD_LIBRARIES = YES;
				CODE_SIGN_STYLE = Automatic;
				CURRENT_PROJECT_VERSION = 1;
				DEVELOPMENT_TEAM = 9QCEA3X339;
				GENERATE_INFOPLIST_FILE = YES;
				MARKETING_VERSION = 1.0;
				PRODUCT_BUNDLE_IDENTIFIER = com.ifce.finduxUITests;
				PRODUCT_NAME = "$(TARGET_NAME)";
				SWIFT_EMIT_LOC_STRINGS = NO;
				SWIFT_VERSION = 5.0;
				TARGETED_DEVICE_FAMILY = "1,2";
				TEST_TARGET_NAME = findux;
			};
			name = Release;
		};
/* End XCBuildConfiguration section */

/* Begin XCConfigurationList section */
		B71B91B82A4CAD5A00843ACA /* Build configuration list for PBXProject "findux" */ = {
			isa = XCConfigurationList;
			buildConfigurations = (
				B71B91E52A4CAD5D00843ACA /* Debug */,
				B71B91E62A4CAD5D00843ACA /* Release */,
			);
			defaultConfigurationIsVisible = 0;
			defaultConfigurationName = Release;
		};
		B71B91E72A4CAD5D00843ACA /* Build configuration list for PBXNativeTarget "findux" */ = {
			isa = XCConfigurationList;
			buildConfigurations = (
				B71B91E82A4CAD5D00843ACA /* Debug */,
				B71B91E92A4CAD5D00843ACA /* Release */,
			);
			defaultConfigurationIsVisible = 0;
			defaultConfigurationName = Release;
		};
		B71B91EA2A4CAD5D00843ACA /* Build configuration list for PBXNativeTarget "finduxTests" */ = {
			isa = XCConfigurationList;
			buildConfigurations = (
				B71B91EB2A4CAD5D00843ACA /* Debug */,
				B71B91EC2A4CAD5D00843ACA /* Release */,
			);
			defaultConfigurationIsVisible = 0;
			defaultConfigurationName = Release;
		};
		B71B91ED2A4CAD5D00843ACA /* Build configuration list for PBXNativeTarget "finduxUITests" */ = {
			isa = XCConfigurationList;
			buildConfigurations = (
				B71B91EE2A4CAD5D00843ACA /* Debug */,
				B71B91EF2A4CAD5D00843ACA /* Release */,
			);
			defaultConfigurationIsVisible = 0;
			defaultConfigurationName = Release;
		};
/* End XCConfigurationList section */
	};
	rootObject = B71B91B52A4CAD5A00843ACA /* Project object */;
}
