// !$*UTF8*$!
{
	archiveVersion = 1;
	classes = {
	};
	objectVersion = 56;
	objects = {

/* Begin PBXBuildFile section */
		B7027A102AC3634E00E9B249 /* LoginError.swift in Sources */ = {isa = PBXBuildFile; fileRef = B7027A0F2AC3634E00E9B249 /* LoginError.swift */; };
		B7027A162AC4585300E9B249 /* FieldError.swift in Sources */ = {isa = PBXBuildFile; fileRef = B7027A152AC4585300E9B249 /* FieldError.swift */; };
		B7027A192AC45AFB00E9B249 /* CustomErrorProtocol.swift in Sources */ = {isa = PBXBuildFile; fileRef = B7027A182AC45AFB00E9B249 /* CustomErrorProtocol.swift */; };
		B70688562ADF0D7F005DDBC6 /* CoursesTableViewCell.swift in Sources */ = {isa = PBXBuildFile; fileRef = B70688552ADF0D7F005DDBC6 /* CoursesTableViewCell.swift */; };
		B70688582ADF0F59005DDBC6 /* CoursesTableViewCell.xib in Resources */ = {isa = PBXBuildFile; fileRef = B70688572ADF0F59005DDBC6 /* CoursesTableViewCell.xib */; };
		B70C358D2AC34C7600A55AC8 /* PasswordViewModel.swift in Sources */ = {isa = PBXBuildFile; fileRef = B70C358C2AC34C7600A55AC8 /* PasswordViewModel.swift */; };
		B70D49FC2AAB96F40069D4BF /* SeparatorView.swift in Sources */ = {isa = PBXBuildFile; fileRef = B70D49FB2AAB96F40069D4BF /* SeparatorView.swift */; };
		B70D4A002AAB98A20069D4BF /* ViewControllerPreview.swift in Sources */ = {isa = PBXBuildFile; fileRef = B70D49FF2AAB98A20069D4BF /* ViewControllerPreview.swift */; };
		B70D4A022AAB98D50069D4BF /* ViewPreview.swift in Sources */ = {isa = PBXBuildFile; fileRef = B70D4A012AAB98D50069D4BF /* ViewPreview.swift */; };
		B71B91C12A4CAD5B00843ACA /* AppDelegate.swift in Sources */ = {isa = PBXBuildFile; fileRef = B71B91C02A4CAD5B00843ACA /* AppDelegate.swift */; };
		B71B91C32A4CAD5B00843ACA /* SceneDelegate.swift in Sources */ = {isa = PBXBuildFile; fileRef = B71B91C22A4CAD5B00843ACA /* SceneDelegate.swift */; };
		B71B91C52A4CAD5B00843ACA /* HomeViewController.swift in Sources */ = {isa = PBXBuildFile; fileRef = B71B91C42A4CAD5B00843ACA /* HomeViewController.swift */; };
		B71B91CA2A4CAD5C00843ACA /* Assets.xcassets in Resources */ = {isa = PBXBuildFile; fileRef = B71B91C92A4CAD5C00843ACA /* Assets.xcassets */; };
		B71B91CD2A4CAD5C00843ACA /* LaunchScreen.storyboard in Resources */ = {isa = PBXBuildFile; fileRef = B71B91CB2A4CAD5C00843ACA /* LaunchScreen.storyboard */; };
		B71B91D82A4CAD5D00843ACA /* finduxTests.swift in Sources */ = {isa = PBXBuildFile; fileRef = B71B91D72A4CAD5D00843ACA /* finduxTests.swift */; };
		B71B91E22A4CAD5D00843ACA /* finduxUITests.swift in Sources */ = {isa = PBXBuildFile; fileRef = B71B91E12A4CAD5D00843ACA /* finduxUITests.swift */; };
		B71B91E42A4CAD5D00843ACA /* finduxUITestsLaunchTests.swift in Sources */ = {isa = PBXBuildFile; fileRef = B71B91E32A4CAD5D00843ACA /* finduxUITestsLaunchTests.swift */; };
		B71F5E0D2AC1B566009C992F /* UserProfile.swift in Sources */ = {isa = PBXBuildFile; fileRef = B71F5E0C2AC1B566009C992F /* UserProfile.swift */; };
		B71F5E112AC1B789009C992F /* SignStatus.swift in Sources */ = {isa = PBXBuildFile; fileRef = B71F5E102AC1B789009C992F /* SignStatus.swift */; };
		B72728FD2AC7179E00444A0B /* HomeCellLayout.swift in Sources */ = {isa = PBXBuildFile; fileRef = B72728FC2AC7179E00444A0B /* HomeCellLayout.swift */; };
		B727BCB72AC5E6F20077B515 /* HomeCellModel.swift in Sources */ = {isa = PBXBuildFile; fileRef = B727BCB62AC5E6F20077B515 /* HomeCellModel.swift */; };
		B72CBE102AD5AAD400475A3D /* PresentationViewModelProtocol.swift in Sources */ = {isa = PBXBuildFile; fileRef = B72CBE0F2AD5AAD400475A3D /* PresentationViewModelProtocol.swift */; };
		B72CBE132AD5AD3B00475A3D /* PresentationModel.swift in Sources */ = {isa = PBXBuildFile; fileRef = B72CBE122AD5AD3B00475A3D /* PresentationModel.swift */; };
		B72E916B2AE6B5E700300971 /* Localizable.strings in Resources */ = {isa = PBXBuildFile; fileRef = B72E916D2AE6B5E700300971 /* Localizable.strings */; };
		B7368F892AC5C6F000533673 /* HomeCollectionViewCell.swift in Sources */ = {isa = PBXBuildFile; fileRef = B7368F882AC5C6F000533673 /* HomeCollectionViewCell.swift */; };
		B736912F2A7AE57E00A67F4B /* UINavigationControllerExtension.swift in Sources */ = {isa = PBXBuildFile; fileRef = B736912E2A7AE57E00A67F4B /* UINavigationControllerExtension.swift */; };
		B73774B72A9D192600B56B74 /* BaseView.swift in Sources */ = {isa = PBXBuildFile; fileRef = B73774B62A9D192600B56B74 /* BaseView.swift */; };
		B762013B2AEAC28400DB4B3D /* courses.json in Resources */ = {isa = PBXBuildFile; fileRef = B762013A2AEAC28400DB4B3D /* courses.json */; };
		B762013E2AEAC61700DB4B3D /* JSONManager.swift in Sources */ = {isa = PBXBuildFile; fileRef = B762013D2AEAC61700DB4B3D /* JSONManager.swift */; };
		B76265D52AD7288E003D134C /* PresentationViewModel.swift in Sources */ = {isa = PBXBuildFile; fileRef = B76265D42AD7288E003D134C /* PresentationViewModel.swift */; };
		B7644D4F2ACF034000C3D4E7 /* PresentationView.xib in Resources */ = {isa = PBXBuildFile; fileRef = B7644D4E2ACF034000C3D4E7 /* PresentationView.xib */; };
		B76BEC502A99410F00A24FEE /* HomeView.swift in Sources */ = {isa = PBXBuildFile; fileRef = B76BEC4F2A99410F00A24FEE /* HomeView.swift */; };
		B76BEC5D2A9941C000A24FEE /* PasswordView.swift in Sources */ = {isa = PBXBuildFile; fileRef = B76BEC5C2A9941C000A24FEE /* PasswordView.swift */; };
		B76BEC5F2A99420200A24FEE /* BaseViewController.swift in Sources */ = {isa = PBXBuildFile; fileRef = B76BEC5E2A99420200A24FEE /* BaseViewController.swift */; };
		B76BEC612A99424200A24FEE /* LifeCycleViewControllerDelegate.swift in Sources */ = {isa = PBXBuildFile; fileRef = B76BEC602A99424200A24FEE /* LifeCycleViewControllerDelegate.swift */; };
		B76BEC632A995AB900A24FEE /* FullAccessViewControllerDelegate.swift in Sources */ = {isa = PBXBuildFile; fileRef = B76BEC622A995AB900A24FEE /* FullAccessViewControllerDelegate.swift */; };
		B7787AA72AB2501300E281FB /* PasswordTextField.swift in Sources */ = {isa = PBXBuildFile; fileRef = B7787AA62AB2501300E281FB /* PasswordTextField.swift */; };
		B7787AA92AB2533B00E281FB /* EyeButton.swift in Sources */ = {isa = PBXBuildFile; fileRef = B7787AA82AB2533B00E281FB /* EyeButton.swift */; };
		B77CE8C42AC1D17D003C7E2A /* UserModel.swift in Sources */ = {isa = PBXBuildFile; fileRef = B77CE8C32AC1D17D003C7E2A /* UserModel.swift */; };
		B77FD9BE2ADF191300E5803D /* CoursesCellModel.swift in Sources */ = {isa = PBXBuildFile; fileRef = B77FD9BD2ADF191300E5803D /* CoursesCellModel.swift */; };
		B784D4C12A86AD6D00CD0E39 /* BaseChildCoordinator.swift in Sources */ = {isa = PBXBuildFile; fileRef = B784D4C02A86AD6D00CD0E39 /* BaseChildCoordinator.swift */; };
		B784D4C32A86C75B00CD0E39 /* BaseCoordinatorTests.swift in Sources */ = {isa = PBXBuildFile; fileRef = B784D4C22A86C75B00CD0E39 /* BaseCoordinatorTests.swift */; };
		B7850DEC2AB5EBD700106DFD /* LinkButtonLabel.swift in Sources */ = {isa = PBXBuildFile; fileRef = B7850DEB2AB5EBD700106DFD /* LinkButtonLabel.swift */; };
		B7923BB92A9FB2880095B443 /* Network.swift in Sources */ = {isa = PBXBuildFile; fileRef = B7923BB82A9FB2880095B443 /* Network.swift */; };
		B79839952AA8DE1E00FD269D /* GoogleSignIn in Frameworks */ = {isa = PBXBuildFile; productRef = B79839942AA8DE1E00FD269D /* GoogleSignIn */; };
		B79839972AA8DF2200FD269D /* credentials.plist in Resources */ = {isa = PBXBuildFile; fileRef = B79839962AA8DF2200FD269D /* credentials.plist */; };
		B79839992AA8FDD900FD269D /* GoogleSignInCredentialsModel.swift in Sources */ = {isa = PBXBuildFile; fileRef = B79839982AA8FDD900FD269D /* GoogleSignInCredentialsModel.swift */; };
		B79C7B222ABCDC280051A4DC /* KeychainManager.swift in Sources */ = {isa = PBXBuildFile; fileRef = B79C7B212ABCDC280051A4DC /* KeychainManager.swift */; };
		B79C7B242ABCE2290051A4DC /* UserDefaultsManager.swift in Sources */ = {isa = PBXBuildFile; fileRef = B79C7B232ABCE2290051A4DC /* UserDefaultsManager.swift */; };
		B79C7B272ABDDCC40051A4DC /* FieldValidatorHelper.swift in Sources */ = {isa = PBXBuildFile; fileRef = B79C7B262ABDDCC40051A4DC /* FieldValidatorHelper.swift */; };
		B79E3AA72A8EA7AA00C8BD2E /* CoordinatorNavigationController.swift in Sources */ = {isa = PBXBuildFile; fileRef = B79E3AA62A8EA7AA00C8BD2E /* CoordinatorNavigationController.swift */; };
		B79F9FBC2A4CB0BD0000B973 /* Coordinator.swift in Sources */ = {isa = PBXBuildFile; fileRef = B79F9FBB2A4CB0BD0000B973 /* Coordinator.swift */; };
		B79F9FBF2A4CB1E40000B973 /* BaseCoordinator.swift in Sources */ = {isa = PBXBuildFile; fileRef = B79F9FBE2A4CB1E40000B973 /* BaseCoordinator.swift */; };
		B79F9FC12A4CB4B00000B973 /* HomeCoordinator.swift in Sources */ = {isa = PBXBuildFile; fileRef = B79F9FC02A4CB4B00000B973 /* HomeCoordinator.swift */; };
		B79F9FC82A4D23390000B973 /* ViewCoordinatorDelegate.swift in Sources */ = {isa = PBXBuildFile; fileRef = B79F9FC72A4D23390000B973 /* ViewCoordinatorDelegate.swift */; };
		B79F9FCB2A4DDE730000B973 /* MainCoordinator.swift in Sources */ = {isa = PBXBuildFile; fileRef = B79F9FCA2A4DDE730000B973 /* MainCoordinator.swift */; };
		B7BAE1662AEBFEA900160D4E /* WebKitView.swift in Sources */ = {isa = PBXBuildFile; fileRef = B7BAE1652AEBFEA900160D4E /* WebKitView.swift */; };
		B7C068272A98E92900A5F9B2 /* PasswordViewController.swift in Sources */ = {isa = PBXBuildFile; fileRef = B7C068262A98E92900A5F9B2 /* PasswordViewController.swift */; };
		B7C068292A98EBBE00A5F9B2 /* UIViewExtension.swift in Sources */ = {isa = PBXBuildFile; fileRef = B7C068282A98EBBE00A5F9B2 /* UIViewExtension.swift */; };
		B7C0682B2A98F26A00A5F9B2 /* PasswordCoordinator.swift in Sources */ = {isa = PBXBuildFile; fileRef = B7C0682A2A98F26A00A5F9B2 /* PasswordCoordinator.swift */; };
		B7C0682E2A98F61100A5F9B2 /* BaseViewEmbedScrollViewController.swift in Sources */ = {isa = PBXBuildFile; fileRef = B7C0682D2A98F61100A5F9B2 /* BaseViewEmbedScrollViewController.swift */; };
		B7C068302A993C9E00A5F9B2 /* ChildCoordinator.swift in Sources */ = {isa = PBXBuildFile; fileRef = B7C0682F2A993C9E00A5F9B2 /* ChildCoordinator.swift */; };
		B7D566292AE8340900E56374 /* UserGIDProfile.swift in Sources */ = {isa = PBXBuildFile; fileRef = B7D566282AE8340900E56374 /* UserGIDProfile.swift */; };
		B7DEDA1E2AEC10FB000D31D5 /* WebViewController.swift in Sources */ = {isa = PBXBuildFile; fileRef = B7DEDA1D2AEC10FB000D31D5 /* WebViewController.swift */; };
		B7EF65E92AD6E119006D7E8A /* CoursesCoordinator.swift in Sources */ = {isa = PBXBuildFile; fileRef = B7EF65E82AD6E119006D7E8A /* CoursesCoordinator.swift */; };
		B7EF65EB2AD6EDFB006D7E8A /* CoursesViewController.swift in Sources */ = {isa = PBXBuildFile; fileRef = B7EF65EA2AD6EDFB006D7E8A /* CoursesViewController.swift */; };
		B7EF65ED2AD6EF05006D7E8A /* CoursesView.swift in Sources */ = {isa = PBXBuildFile; fileRef = B7EF65EC2AD6EF05006D7E8A /* CoursesView.swift */; };
		B7FB6BA42AA0D70600F944E7 /* PasswordView.xib in Resources */ = {isa = PBXBuildFile; fileRef = B7FB6BA32AA0D70600F944E7 /* PasswordView.xib */; };
		B7FC49312ACB153300193A9E /* PresentationCoordinator.swift in Sources */ = {isa = PBXBuildFile; fileRef = B7FC49302ACB153300193A9E /* PresentationCoordinator.swift */; };
		B7FC49342ACB158500193A9E /* PresentationViewController.swift in Sources */ = {isa = PBXBuildFile; fileRef = B7FC49332ACB158500193A9E /* PresentationViewController.swift */; };
		B7FC49372ACB15F400193A9E /* PresentationView.swift in Sources */ = {isa = PBXBuildFile; fileRef = B7FC49362ACB15F400193A9E /* PresentationView.swift */; };
/* End PBXBuildFile section */

/* Begin PBXContainerItemProxy section */
		B71B91D42A4CAD5D00843ACA /* PBXContainerItemProxy */ = {
			isa = PBXContainerItemProxy;
			containerPortal = B71B91B52A4CAD5A00843ACA /* Project object */;
			proxyType = 1;
			remoteGlobalIDString = B71B91BC2A4CAD5A00843ACA;
			remoteInfo = findux;
		};
		B71B91DE2A4CAD5D00843ACA /* PBXContainerItemProxy */ = {
			isa = PBXContainerItemProxy;
			containerPortal = B71B91B52A4CAD5A00843ACA /* Project object */;
			proxyType = 1;
			remoteGlobalIDString = B71B91BC2A4CAD5A00843ACA;
			remoteInfo = findux;
		};
/* End PBXContainerItemProxy section */

/* Begin PBXFileReference section */
		B7027A0F2AC3634E00E9B249 /* LoginError.swift */ = {isa = PBXFileReference; lastKnownFileType = sourcecode.swift; path = LoginError.swift; sourceTree = "<group>"; };
		B7027A152AC4585300E9B249 /* FieldError.swift */ = {isa = PBXFileReference; lastKnownFileType = sourcecode.swift; path = FieldError.swift; sourceTree = "<group>"; };
		B7027A182AC45AFB00E9B249 /* CustomErrorProtocol.swift */ = {isa = PBXFileReference; lastKnownFileType = sourcecode.swift; path = CustomErrorProtocol.swift; sourceTree = "<group>"; };
		B70688552ADF0D7F005DDBC6 /* CoursesTableViewCell.swift */ = {isa = PBXFileReference; lastKnownFileType = sourcecode.swift; path = CoursesTableViewCell.swift; sourceTree = "<group>"; };
		B70688572ADF0F59005DDBC6 /* CoursesTableViewCell.xib */ = {isa = PBXFileReference; lastKnownFileType = file.xib; path = CoursesTableViewCell.xib; sourceTree = "<group>"; };
		B70C358C2AC34C7600A55AC8 /* PasswordViewModel.swift */ = {isa = PBXFileReference; lastKnownFileType = sourcecode.swift; path = PasswordViewModel.swift; sourceTree = "<group>"; };
		B70D49FB2AAB96F40069D4BF /* SeparatorView.swift */ = {isa = PBXFileReference; lastKnownFileType = sourcecode.swift; path = SeparatorView.swift; sourceTree = "<group>"; };
		B70D49FF2AAB98A20069D4BF /* ViewControllerPreview.swift */ = {isa = PBXFileReference; lastKnownFileType = sourcecode.swift; path = ViewControllerPreview.swift; sourceTree = "<group>"; };
		B70D4A012AAB98D50069D4BF /* ViewPreview.swift */ = {isa = PBXFileReference; lastKnownFileType = sourcecode.swift; path = ViewPreview.swift; sourceTree = "<group>"; };
		B71B91BD2A4CAD5B00843ACA /* findux.app */ = {isa = PBXFileReference; explicitFileType = wrapper.application; includeInIndex = 0; path = findux.app; sourceTree = BUILT_PRODUCTS_DIR; };
		B71B91C02A4CAD5B00843ACA /* AppDelegate.swift */ = {isa = PBXFileReference; lastKnownFileType = sourcecode.swift; path = AppDelegate.swift; sourceTree = "<group>"; };
		B71B91C22A4CAD5B00843ACA /* SceneDelegate.swift */ = {isa = PBXFileReference; lastKnownFileType = sourcecode.swift; path = SceneDelegate.swift; sourceTree = "<group>"; };
		B71B91C42A4CAD5B00843ACA /* HomeViewController.swift */ = {isa = PBXFileReference; lastKnownFileType = sourcecode.swift; path = HomeViewController.swift; sourceTree = "<group>"; };
		B71B91C92A4CAD5C00843ACA /* Assets.xcassets */ = {isa = PBXFileReference; lastKnownFileType = folder.assetcatalog; path = Assets.xcassets; sourceTree = "<group>"; };
		B71B91CC2A4CAD5C00843ACA /* Base */ = {isa = PBXFileReference; lastKnownFileType = file.storyboard; name = Base; path = Base.lproj/LaunchScreen.storyboard; sourceTree = "<group>"; };
		B71B91CE2A4CAD5C00843ACA /* Info.plist */ = {isa = PBXFileReference; lastKnownFileType = text.plist.xml; path = Info.plist; sourceTree = "<group>"; };
		B71B91D32A4CAD5D00843ACA /* finduxTests.xctest */ = {isa = PBXFileReference; explicitFileType = wrapper.cfbundle; includeInIndex = 0; path = finduxTests.xctest; sourceTree = BUILT_PRODUCTS_DIR; };
		B71B91D72A4CAD5D00843ACA /* finduxTests.swift */ = {isa = PBXFileReference; lastKnownFileType = sourcecode.swift; path = finduxTests.swift; sourceTree = "<group>"; };
		B71B91DD2A4CAD5D00843ACA /* finduxUITests.xctest */ = {isa = PBXFileReference; explicitFileType = wrapper.cfbundle; includeInIndex = 0; path = finduxUITests.xctest; sourceTree = BUILT_PRODUCTS_DIR; };
		B71B91E12A4CAD5D00843ACA /* finduxUITests.swift */ = {isa = PBXFileReference; lastKnownFileType = sourcecode.swift; path = finduxUITests.swift; sourceTree = "<group>"; };
		B71B91E32A4CAD5D00843ACA /* finduxUITestsLaunchTests.swift */ = {isa = PBXFileReference; lastKnownFileType = sourcecode.swift; path = finduxUITestsLaunchTests.swift; sourceTree = "<group>"; };
		B71F5E0C2AC1B566009C992F /* UserProfile.swift */ = {isa = PBXFileReference; lastKnownFileType = sourcecode.swift; path = UserProfile.swift; sourceTree = "<group>"; };
		B71F5E102AC1B789009C992F /* SignStatus.swift */ = {isa = PBXFileReference; lastKnownFileType = sourcecode.swift; path = SignStatus.swift; sourceTree = "<group>"; };
		B72728FC2AC7179E00444A0B /* HomeCellLayout.swift */ = {isa = PBXFileReference; lastKnownFileType = sourcecode.swift; path = HomeCellLayout.swift; sourceTree = "<group>"; };
		B727BCB62AC5E6F20077B515 /* HomeCellModel.swift */ = {isa = PBXFileReference; lastKnownFileType = sourcecode.swift; path = HomeCellModel.swift; sourceTree = "<group>"; };
		B72CBE0F2AD5AAD400475A3D /* PresentationViewModelProtocol.swift */ = {isa = PBXFileReference; lastKnownFileType = sourcecode.swift; path = PresentationViewModelProtocol.swift; sourceTree = "<group>"; };
		B72CBE122AD5AD3B00475A3D /* PresentationModel.swift */ = {isa = PBXFileReference; lastKnownFileType = sourcecode.swift; path = PresentationModel.swift; sourceTree = "<group>"; };
		B72E916C2AE6B5E700300971 /* pt-BR */ = {isa = PBXFileReference; lastKnownFileType = text.plist.strings; name = "pt-BR"; path = "pt-BR.lproj/Localizable.strings"; sourceTree = "<group>"; };
		B7368F882AC5C6F000533673 /* HomeCollectionViewCell.swift */ = {isa = PBXFileReference; lastKnownFileType = sourcecode.swift; path = HomeCollectionViewCell.swift; sourceTree = "<group>"; };
		B736912E2A7AE57E00A67F4B /* UINavigationControllerExtension.swift */ = {isa = PBXFileReference; lastKnownFileType = sourcecode.swift; path = UINavigationControllerExtension.swift; sourceTree = "<group>"; };
		B73774B62A9D192600B56B74 /* BaseView.swift */ = {isa = PBXFileReference; lastKnownFileType = sourcecode.swift; path = BaseView.swift; sourceTree = "<group>"; };
		B762013A2AEAC28400DB4B3D /* courses.json */ = {isa = PBXFileReference; lastKnownFileType = text.json; path = courses.json; sourceTree = "<group>"; };
		B762013D2AEAC61700DB4B3D /* JSONManager.swift */ = {isa = PBXFileReference; lastKnownFileType = sourcecode.swift; path = JSONManager.swift; sourceTree = "<group>"; };
		B76265D42AD7288E003D134C /* PresentationViewModel.swift */ = {isa = PBXFileReference; lastKnownFileType = sourcecode.swift; path = PresentationViewModel.swift; sourceTree = "<group>"; };
		B7644D4E2ACF034000C3D4E7 /* PresentationView.xib */ = {isa = PBXFileReference; lastKnownFileType = file.xib; path = PresentationView.xib; sourceTree = "<group>"; };
		B76BEC4F2A99410F00A24FEE /* HomeView.swift */ = {isa = PBXFileReference; lastKnownFileType = sourcecode.swift; path = HomeView.swift; sourceTree = "<group>"; };
		B76BEC5C2A9941C000A24FEE /* PasswordView.swift */ = {isa = PBXFileReference; lastKnownFileType = sourcecode.swift; path = PasswordView.swift; sourceTree = "<group>"; };
		B76BEC5E2A99420200A24FEE /* BaseViewController.swift */ = {isa = PBXFileReference; lastKnownFileType = sourcecode.swift; path = BaseViewController.swift; sourceTree = "<group>"; };
		B76BEC602A99424200A24FEE /* LifeCycleViewControllerDelegate.swift */ = {isa = PBXFileReference; lastKnownFileType = sourcecode.swift; path = LifeCycleViewControllerDelegate.swift; sourceTree = "<group>"; };
		B76BEC622A995AB900A24FEE /* FullAccessViewControllerDelegate.swift */ = {isa = PBXFileReference; lastKnownFileType = sourcecode.swift; path = FullAccessViewControllerDelegate.swift; sourceTree = "<group>"; };
		B7787AA62AB2501300E281FB /* PasswordTextField.swift */ = {isa = PBXFileReference; lastKnownFileType = sourcecode.swift; path = PasswordTextField.swift; sourceTree = "<group>"; };
		B7787AA82AB2533B00E281FB /* EyeButton.swift */ = {isa = PBXFileReference; lastKnownFileType = sourcecode.swift; path = EyeButton.swift; sourceTree = "<group>"; };
		B77CE8C32AC1D17D003C7E2A /* UserModel.swift */ = {isa = PBXFileReference; lastKnownFileType = sourcecode.swift; path = UserModel.swift; sourceTree = "<group>"; };
		B77FD9BD2ADF191300E5803D /* CoursesCellModel.swift */ = {isa = PBXFileReference; lastKnownFileType = sourcecode.swift; path = CoursesCellModel.swift; sourceTree = "<group>"; };
		B784D4C02A86AD6D00CD0E39 /* BaseChildCoordinator.swift */ = {isa = PBXFileReference; lastKnownFileType = sourcecode.swift; path = BaseChildCoordinator.swift; sourceTree = "<group>"; };
		B784D4C22A86C75B00CD0E39 /* BaseCoordinatorTests.swift */ = {isa = PBXFileReference; lastKnownFileType = sourcecode.swift; path = BaseCoordinatorTests.swift; sourceTree = "<group>"; };
		B7850DEB2AB5EBD700106DFD /* LinkButtonLabel.swift */ = {isa = PBXFileReference; lastKnownFileType = sourcecode.swift; path = LinkButtonLabel.swift; sourceTree = "<group>"; };
		B7923BB82A9FB2880095B443 /* Network.swift */ = {isa = PBXFileReference; lastKnownFileType = sourcecode.swift; path = Network.swift; sourceTree = "<group>"; };
		B79839962AA8DF2200FD269D /* credentials.plist */ = {isa = PBXFileReference; fileEncoding = 4; lastKnownFileType = text.plist.xml; path = credentials.plist; sourceTree = "<group>"; };
		B79839982AA8FDD900FD269D /* GoogleSignInCredentialsModel.swift */ = {isa = PBXFileReference; lastKnownFileType = sourcecode.swift; path = GoogleSignInCredentialsModel.swift; sourceTree = "<group>"; };
		B79C7B212ABCDC280051A4DC /* KeychainManager.swift */ = {isa = PBXFileReference; lastKnownFileType = sourcecode.swift; path = KeychainManager.swift; sourceTree = "<group>"; };
		B79C7B232ABCE2290051A4DC /* UserDefaultsManager.swift */ = {isa = PBXFileReference; lastKnownFileType = sourcecode.swift; path = UserDefaultsManager.swift; sourceTree = "<group>"; };
		B79C7B262ABDDCC40051A4DC /* FieldValidatorHelper.swift */ = {isa = PBXFileReference; lastKnownFileType = sourcecode.swift; path = FieldValidatorHelper.swift; sourceTree = "<group>"; };
		B79E3AA62A8EA7AA00C8BD2E /* CoordinatorNavigationController.swift */ = {isa = PBXFileReference; lastKnownFileType = sourcecode.swift; path = CoordinatorNavigationController.swift; sourceTree = "<group>"; };
		B79F9FBB2A4CB0BD0000B973 /* Coordinator.swift */ = {isa = PBXFileReference; lastKnownFileType = sourcecode.swift; path = Coordinator.swift; sourceTree = "<group>"; };
		B79F9FBE2A4CB1E40000B973 /* BaseCoordinator.swift */ = {isa = PBXFileReference; lastKnownFileType = sourcecode.swift; path = BaseCoordinator.swift; sourceTree = "<group>"; };
		B79F9FC02A4CB4B00000B973 /* HomeCoordinator.swift */ = {isa = PBXFileReference; lastKnownFileType = sourcecode.swift; path = HomeCoordinator.swift; sourceTree = "<group>"; };
		B79F9FC72A4D23390000B973 /* ViewCoordinatorDelegate.swift */ = {isa = PBXFileReference; lastKnownFileType = sourcecode.swift; path = ViewCoordinatorDelegate.swift; sourceTree = "<group>"; };
		B79F9FCA2A4DDE730000B973 /* MainCoordinator.swift */ = {isa = PBXFileReference; lastKnownFileType = sourcecode.swift; path = MainCoordinator.swift; sourceTree = "<group>"; };
		B7BAE1652AEBFEA900160D4E /* WebKitView.swift */ = {isa = PBXFileReference; lastKnownFileType = sourcecode.swift; path = WebKitView.swift; sourceTree = "<group>"; };
		B7C068262A98E92900A5F9B2 /* PasswordViewController.swift */ = {isa = PBXFileReference; lastKnownFileType = sourcecode.swift; path = PasswordViewController.swift; sourceTree = "<group>"; };
		B7C068282A98EBBE00A5F9B2 /* UIViewExtension.swift */ = {isa = PBXFileReference; lastKnownFileType = sourcecode.swift; path = UIViewExtension.swift; sourceTree = "<group>"; };
		B7C0682A2A98F26A00A5F9B2 /* PasswordCoordinator.swift */ = {isa = PBXFileReference; lastKnownFileType = sourcecode.swift; path = PasswordCoordinator.swift; sourceTree = "<group>"; };
		B7C0682D2A98F61100A5F9B2 /* BaseViewEmbedScrollViewController.swift */ = {isa = PBXFileReference; lastKnownFileType = sourcecode.swift; path = BaseViewEmbedScrollViewController.swift; sourceTree = "<group>"; };
		B7C0682F2A993C9E00A5F9B2 /* ChildCoordinator.swift */ = {isa = PBXFileReference; lastKnownFileType = sourcecode.swift; path = ChildCoordinator.swift; sourceTree = "<group>"; };
		B7D566282AE8340900E56374 /* UserGIDProfile.swift */ = {isa = PBXFileReference; lastKnownFileType = sourcecode.swift; path = UserGIDProfile.swift; sourceTree = "<group>"; };
		B7DEDA1D2AEC10FB000D31D5 /* WebViewController.swift */ = {isa = PBXFileReference; lastKnownFileType = sourcecode.swift; path = WebViewController.swift; sourceTree = "<group>"; };
		B7EF65E82AD6E119006D7E8A /* CoursesCoordinator.swift */ = {isa = PBXFileReference; lastKnownFileType = sourcecode.swift; path = CoursesCoordinator.swift; sourceTree = "<group>"; };
		B7EF65EA2AD6EDFB006D7E8A /* CoursesViewController.swift */ = {isa = PBXFileReference; lastKnownFileType = sourcecode.swift; path = CoursesViewController.swift; sourceTree = "<group>"; };
		B7EF65EC2AD6EF05006D7E8A /* CoursesView.swift */ = {isa = PBXFileReference; lastKnownFileType = sourcecode.swift; path = CoursesView.swift; sourceTree = "<group>"; };
		B7FB6BA32AA0D70600F944E7 /* PasswordView.xib */ = {isa = PBXFileReference; lastKnownFileType = file.xib; path = PasswordView.xib; sourceTree = "<group>"; };
		B7FC49302ACB153300193A9E /* PresentationCoordinator.swift */ = {isa = PBXFileReference; lastKnownFileType = sourcecode.swift; path = PresentationCoordinator.swift; sourceTree = "<group>"; };
		B7FC49332ACB158500193A9E /* PresentationViewController.swift */ = {isa = PBXFileReference; lastKnownFileType = sourcecode.swift; path = PresentationViewController.swift; sourceTree = "<group>"; };
		B7FC49362ACB15F400193A9E /* PresentationView.swift */ = {isa = PBXFileReference; lastKnownFileType = sourcecode.swift; path = PresentationView.swift; sourceTree = "<group>"; };
/* End PBXFileReference section */

/* Begin PBXFrameworksBuildPhase section */
		B71B91BA2A4CAD5A00843ACA /* Frameworks */ = {
			isa = PBXFrameworksBuildPhase;
			buildActionMask = 2147483647;
			files = (
				B79839952AA8DE1E00FD269D /* GoogleSignIn in Frameworks */,
			);
			runOnlyForDeploymentPostprocessing = 0;
		};
		B71B91D02A4CAD5D00843ACA /* Frameworks */ = {
			isa = PBXFrameworksBuildPhase;
			buildActionMask = 2147483647;
			files = (
			);
			runOnlyForDeploymentPostprocessing = 0;
		};
		B71B91DA2A4CAD5D00843ACA /* Frameworks */ = {
			isa = PBXFrameworksBuildPhase;
			buildActionMask = 2147483647;
			files = (
			);
			runOnlyForDeploymentPostprocessing = 0;
		};
/* End PBXFrameworksBuildPhase section */

/* Begin PBXGroup section */
		B7027A172AC45A9700E9B249 /* Enum */ = {
			isa = PBXGroup;
			children = (
				B71F5E102AC1B789009C992F /* SignStatus.swift */,
				B7027A0F2AC3634E00E9B249 /* LoginError.swift */,
				B7027A152AC4585300E9B249 /* FieldError.swift */,
				B7027A182AC45AFB00E9B249 /* CustomErrorProtocol.swift */,
			);
			path = Enum;
			sourceTree = "<group>";
		};
		B70C358B2AC34C5100A55AC8 /* ViewModel */ = {
			isa = PBXGroup;
			children = (
				B70C358C2AC34C7600A55AC8 /* PasswordViewModel.swift */,
			);
			path = ViewModel;
			sourceTree = "<group>";
		};
		B70D49FA2AAB96C50069D4BF /* Components */ = {
			isa = PBXGroup;
			children = (
				B70D49FB2AAB96F40069D4BF /* SeparatorView.swift */,
				B7787AA62AB2501300E281FB /* PasswordTextField.swift */,
				B7787AA82AB2533B00E281FB /* EyeButton.swift */,
				B7850DEB2AB5EBD700106DFD /* LinkButtonLabel.swift */,
			);
			path = Components;
			sourceTree = "<group>";
		};
		B70D49FE2AAB98810069D4BF /* Preview */ = {
			isa = PBXGroup;
			children = (
				B70D49FF2AAB98A20069D4BF /* ViewControllerPreview.swift */,
				B70D4A012AAB98D50069D4BF /* ViewPreview.swift */,
			);
			path = Preview;
			sourceTree = "<group>";
		};
		B71B91B42A4CAD5A00843ACA = {
			isa = PBXGroup;
			children = (
				B72E916D2AE6B5E700300971 /* Localizable.strings */,
				B71B91BF2A4CAD5B00843ACA /* findux */,
				B71B91D62A4CAD5D00843ACA /* finduxTests */,
				B71B91E02A4CAD5D00843ACA /* finduxUITests */,
				B71B91BE2A4CAD5B00843ACA /* Products */,
			);
			sourceTree = "<group>";
		};
		B71B91BE2A4CAD5B00843ACA /* Products */ = {
			isa = PBXGroup;
			children = (
				B71B91BD2A4CAD5B00843ACA /* findux.app */,
				B71B91D32A4CAD5D00843ACA /* finduxTests.xctest */,
				B71B91DD2A4CAD5D00843ACA /* finduxUITests.xctest */,
			);
			name = Products;
			sourceTree = "<group>";
		};
		B71B91BF2A4CAD5B00843ACA /* findux */ = {
			isa = PBXGroup;
			children = (
				B71B91C02A4CAD5B00843ACA /* AppDelegate.swift */,
				B71B91C22A4CAD5B00843ACA /* SceneDelegate.swift */,
				B71B91C92A4CAD5C00843ACA /* Assets.xcassets */,
				B71B91CB2A4CAD5C00843ACA /* LaunchScreen.storyboard */,
				B79839962AA8DF2200FD269D /* credentials.plist */,
				B71B91CE2A4CAD5C00843ACA /* Info.plist */,
				B7C068322A993D1700A5F9B2 /* General */,
				B7C068332A993D3900A5F9B2 /* Feature */,
			);
			path = findux;
			sourceTree = "<group>";
		};
		B71B91D62A4CAD5D00843ACA /* finduxTests */ = {
			isa = PBXGroup;
			children = (
				B71B91D72A4CAD5D00843ACA /* finduxTests.swift */,
				B784D4C22A86C75B00CD0E39 /* BaseCoordinatorTests.swift */,
			);
			path = finduxTests;
			sourceTree = "<group>";
		};
		B71B91E02A4CAD5D00843ACA /* finduxUITests */ = {
			isa = PBXGroup;
			children = (
				B71B91E12A4CAD5D00843ACA /* finduxUITests.swift */,
				B71B91E32A4CAD5D00843ACA /* finduxUITestsLaunchTests.swift */,
			);
			path = finduxUITests;
			sourceTree = "<group>";
		};
		B727BCB52AC5E6DB0077B515 /* Model */ = {
			isa = PBXGroup;
			children = (
				B727BCB62AC5E6F20077B515 /* HomeCellModel.swift */,
			);
			path = Model;
			sourceTree = "<group>";
		};
		B72CBE0E2AD5AAB400475A3D /* ViewModel */ = {
			isa = PBXGroup;
			children = (
				B72CBE0F2AD5AAD400475A3D /* PresentationViewModelProtocol.swift */,
				B76265D42AD7288E003D134C /* PresentationViewModel.swift */,
			);
			path = ViewModel;
			sourceTree = "<group>";
		};
		B72CBE112AD5AD2300475A3D /* Model */ = {
			isa = PBXGroup;
			children = (
				B72CBE122AD5AD3B00475A3D /* PresentationModel.swift */,
			);
			path = Model;
			sourceTree = "<group>";
		};
		B73691302A7AE61B00A67F4B /* Extension */ = {
			isa = PBXGroup;
			children = (
				B736912E2A7AE57E00A67F4B /* UINavigationControllerExtension.swift */,
				B7C068282A98EBBE00A5F9B2 /* UIViewExtension.swift */,
			);
			path = Extension;
			sourceTree = "<group>";
		};
		B77FD9BC2ADF190300E5803D /* Model */ = {
			isa = PBXGroup;
			children = (
				B77FD9BD2ADF191300E5803D /* CoursesCellModel.swift */,
			);
			path = Model;
			sourceTree = "<group>";
		};
		B78D92012A8FFDD900AE57E4 /* Home */ = {
			isa = PBXGroup;
			children = (
				B727BCB52AC5E6DB0077B515 /* Model */,
				B78D92042A90001500AE57E4 /* Coordinator */,
				B78D92072A90004900AE57E4 /* ViewController */,
				B7C068352A993D5D00A5F9B2 /* View */,
			);
			path = Home;
			sourceTree = "<group>";
		};
		B78D92042A90001500AE57E4 /* Coordinator */ = {
			isa = PBXGroup;
			children = (
				B79F9FC02A4CB4B00000B973 /* HomeCoordinator.swift */,
			);
			path = Coordinator;
			sourceTree = "<group>";
		};
		B78D92072A90004900AE57E4 /* ViewController */ = {
			isa = PBXGroup;
			children = (
				B71B91C42A4CAD5B00843ACA /* HomeViewController.swift */,
			);
			path = ViewController;
			sourceTree = "<group>";
		};
		B7923BB72A9FB2750095B443 /* Network */ = {
			isa = PBXGroup;
			children = (
				B7923BB82A9FB2880095B443 /* Network.swift */,
			);
			path = Network;
			sourceTree = "<group>";
		};
		B798399A2AA8FFA500FD269D /* Model */ = {
			isa = PBXGroup;
			children = (
				B79839982AA8FDD900FD269D /* GoogleSignInCredentialsModel.swift */,
				B71F5E0C2AC1B566009C992F /* UserProfile.swift */,
				B77CE8C32AC1D17D003C7E2A /* UserModel.swift */,
				B7D566282AE8340900E56374 /* UserGIDProfile.swift */,
			);
			path = Model;
			sourceTree = "<group>";
		};
		B79C7B1F2ABCDC100051A4DC /* Persistence */ = {
			isa = PBXGroup;
			children = (
				B79C7B212ABCDC280051A4DC /* KeychainManager.swift */,
				B79C7B232ABCE2290051A4DC /* UserDefaultsManager.swift */,
				B762013D2AEAC61700DB4B3D /* JSONManager.swift */,
			);
			path = Persistence;
			sourceTree = "<group>";
		};
		B79C7B252ABDDC700051A4DC /* Helper */ = {
			isa = PBXGroup;
			children = (
				B79C7B262ABDDCC40051A4DC /* FieldValidatorHelper.swift */,
			);
			path = Helper;
			sourceTree = "<group>";
		};
		B79F9FBD2A4CB1B20000B973 /* Coordinator */ = {
			isa = PBXGroup;
			children = (
				B79F9FBB2A4CB0BD0000B973 /* Coordinator.swift */,
				B7C0682F2A993C9E00A5F9B2 /* ChildCoordinator.swift */,
				B79F9FBE2A4CB1E40000B973 /* BaseCoordinator.swift */,
				B784D4C02A86AD6D00CD0E39 /* BaseChildCoordinator.swift */,
				B79F9FCA2A4DDE730000B973 /* MainCoordinator.swift */,
				B79E3AA62A8EA7AA00C8BD2E /* CoordinatorNavigationController.swift */,
			);
			path = Coordinator;
			sourceTree = "<group>";
		};
		B79F9FC62A4D23210000B973 /* ViewController */ = {
			isa = PBXGroup;
			children = (
				B76BEC5E2A99420200A24FEE /* BaseViewController.swift */,
				B7C0682D2A98F61100A5F9B2 /* BaseViewEmbedScrollViewController.swift */,
				B76BEC602A99424200A24FEE /* LifeCycleViewControllerDelegate.swift */,
				B76BEC622A995AB900A24FEE /* FullAccessViewControllerDelegate.swift */,
			);
			path = ViewController;
			sourceTree = "<group>";
		};
		B7C068242A98E8B100A5F9B2 /* Password */ = {
			isa = PBXGroup;
			children = (
				B70C358B2AC34C5100A55AC8 /* ViewModel */,
				B7C0682C2A98F38900A5F9B2 /* Coordinator */,
				B7C068252A98E8E700A5F9B2 /* ViewController */,
				B7C068342A993D5400A5F9B2 /* View */,
			);
			path = Password;
			sourceTree = "<group>";
		};
		B7C068252A98E8E700A5F9B2 /* ViewController */ = {
			isa = PBXGroup;
			children = (
				B7C068262A98E92900A5F9B2 /* PasswordViewController.swift */,
			);
			path = ViewController;
			sourceTree = "<group>";
		};
		B7C0682C2A98F38900A5F9B2 /* Coordinator */ = {
			isa = PBXGroup;
			children = (
				B7C0682A2A98F26A00A5F9B2 /* PasswordCoordinator.swift */,
			);
			path = Coordinator;
			sourceTree = "<group>";
		};
		B7C068312A993CD700A5F9B2 /* View */ = {
			isa = PBXGroup;
			children = (
				B70D49FE2AAB98810069D4BF /* Preview */,
				B79F9FC72A4D23390000B973 /* ViewCoordinatorDelegate.swift */,
				B73774B62A9D192600B56B74 /* BaseView.swift */,
			);
			path = View;
			sourceTree = "<group>";
		};
		B7C068322A993D1700A5F9B2 /* General */ = {
			isa = PBXGroup;
			children = (
				B7DEDA1A2AEC10CC000D31D5 /* Web */,
				B7027A172AC45A9700E9B249 /* Enum */,
				B7923BB72A9FB2750095B443 /* Network */,
				B79C7B1F2ABCDC100051A4DC /* Persistence */,
				B798399A2AA8FFA500FD269D /* Model */,
				B79F9FBD2A4CB1B20000B973 /* Coordinator */,
				B79F9FC62A4D23210000B973 /* ViewController */,
				B7C068312A993CD700A5F9B2 /* View */,
				B73691302A7AE61B00A67F4B /* Extension */,
				B70D49FA2AAB96C50069D4BF /* Components */,
				B79C7B252ABDDC700051A4DC /* Helper */,
			);
			path = General;
			sourceTree = "<group>";
		};
		B7C068332A993D3900A5F9B2 /* Feature */ = {
			isa = PBXGroup;
			children = (
				B7EF65E42AD6E000006D7E8A /* Courses */,
				B7FC492D2ACB14AE00193A9E /* Presentation */,
				B7C068242A98E8B100A5F9B2 /* Password */,
				B78D92012A8FFDD900AE57E4 /* Home */,
			);
			path = Feature;
			sourceTree = "<group>";
		};
		B7C068342A993D5400A5F9B2 /* View */ = {
			isa = PBXGroup;
			children = (
				B76BEC5C2A9941C000A24FEE /* PasswordView.swift */,
				B7FB6BA32AA0D70600F944E7 /* PasswordView.xib */,
			);
			path = View;
			sourceTree = "<group>";
		};
		B7C068352A993D5D00A5F9B2 /* View */ = {
			isa = PBXGroup;
			children = (
				B76BEC4F2A99410F00A24FEE /* HomeView.swift */,
				B7368F882AC5C6F000533673 /* HomeCollectionViewCell.swift */,
				B72728FC2AC7179E00444A0B /* HomeCellLayout.swift */,
			);
			path = View;
			sourceTree = "<group>";
		};
		B7DEDA1A2AEC10CC000D31D5 /* Web */ = {
			isa = PBXGroup;
			children = (
				B7DEDA1C2AEC10DD000D31D5 /* ViewController */,
				B7DEDA1B2AEC10D6000D31D5 /* View */,
			);
			path = Web;
			sourceTree = "<group>";
		};
		B7DEDA1B2AEC10D6000D31D5 /* View */ = {
			isa = PBXGroup;
			children = (
				B7BAE1652AEBFEA900160D4E /* WebKitView.swift */,
			);
			path = View;
			sourceTree = "<group>";
		};
		B7DEDA1C2AEC10DD000D31D5 /* ViewController */ = {
			isa = PBXGroup;
			children = (
				B7DEDA1D2AEC10FB000D31D5 /* WebViewController.swift */,
			);
			path = ViewController;
			sourceTree = "<group>";
		};
		B7EF65E42AD6E000006D7E8A /* Courses */ = {
			isa = PBXGroup;
			children = (
				B77FD9BC2ADF190300E5803D /* Model */,
				B7EF65E72AD6E0E4006D7E8A /* Coordinator */,
				B7EF65E62AD6E0DD006D7E8A /* ViewController */,
				B7EF65E52AD6E0D8006D7E8A /* View */,
				B762013A2AEAC28400DB4B3D /* courses.json */,
			);
			path = Courses;
			sourceTree = "<group>";
		};
		B7EF65E52AD6E0D8006D7E8A /* View */ = {
			isa = PBXGroup;
			children = (
				B7EF65EC2AD6EF05006D7E8A /* CoursesView.swift */,
				B70688552ADF0D7F005DDBC6 /* CoursesTableViewCell.swift */,
				B70688572ADF0F59005DDBC6 /* CoursesTableViewCell.xib */,
			);
			path = View;
			sourceTree = "<group>";
		};
		B7EF65E62AD6E0DD006D7E8A /* ViewController */ = {
			isa = PBXGroup;
			children = (
				B7EF65EA2AD6EDFB006D7E8A /* CoursesViewController.swift */,
			);
			path = ViewController;
			sourceTree = "<group>";
		};
		B7EF65E72AD6E0E4006D7E8A /* Coordinator */ = {
			isa = PBXGroup;
			children = (
				B7EF65E82AD6E119006D7E8A /* CoursesCoordinator.swift */,
			);
			path = Coordinator;
			sourceTree = "<group>";
		};
		B7FC492D2ACB14AE00193A9E /* Presentation */ = {
			isa = PBXGroup;
			children = (
				B72CBE112AD5AD2300475A3D /* Model */,
				B7FC49352ACB15AE00193A9E /* View */,
				B72CBE0E2AD5AAB400475A3D /* ViewModel */,
				B7FC49322ACB156000193A9E /* ViewController */,
				B7FC492E2ACB14FD00193A9E /* Coordinator */,
			);
			path = Presentation;
			sourceTree = "<group>";
		};
		B7FC492E2ACB14FD00193A9E /* Coordinator */ = {
			isa = PBXGroup;
			children = (
				B7FC49302ACB153300193A9E /* PresentationCoordinator.swift */,
			);
			path = Coordinator;
			sourceTree = "<group>";
		};
		B7FC49322ACB156000193A9E /* ViewController */ = {
			isa = PBXGroup;
			children = (
				B7FC49332ACB158500193A9E /* PresentationViewController.swift */,
			);
			path = ViewController;
			sourceTree = "<group>";
		};
		B7FC49352ACB15AE00193A9E /* View */ = {
			isa = PBXGroup;
			children = (
				B7FC49362ACB15F400193A9E /* PresentationView.swift */,
				B7644D4E2ACF034000C3D4E7 /* PresentationView.xib */,
			);
			path = View;
			sourceTree = "<group>";
		};
/* End PBXGroup section */

/* Begin PBXNativeTarget section */
		B71B91BC2A4CAD5A00843ACA /* findux */ = {
			isa = PBXNativeTarget;
			buildConfigurationList = B71B91E72A4CAD5D00843ACA /* Build configuration list for PBXNativeTarget "findux" */;
			buildPhases = (
				B71B91B92A4CAD5A00843ACA /* Sources */,
				B71B91BA2A4CAD5A00843ACA /* Frameworks */,
				B71B91BB2A4CAD5A00843ACA /* Resources */,
			);
			buildRules = (
			);
			dependencies = (
			);
			name = findux;
			packageProductDependencies = (
				B79839942AA8DE1E00FD269D /* GoogleSignIn */,
			);
			productName = findux;
			productReference = B71B91BD2A4CAD5B00843ACA /* findux.app */;
			productType = "com.apple.product-type.application";
		};
		B71B91D22A4CAD5D00843ACA /* finduxTests */ = {
			isa = PBXNativeTarget;
			buildConfigurationList = B71B91EA2A4CAD5D00843ACA /* Build configuration list for PBXNativeTarget "finduxTests" */;
			buildPhases = (
				B71B91CF2A4CAD5D00843ACA /* Sources */,
				B71B91D02A4CAD5D00843ACA /* Frameworks */,
				B71B91D12A4CAD5D00843ACA /* Resources */,
			);
			buildRules = (
			);
			dependencies = (
				B71B91D52A4CAD5D00843ACA /* PBXTargetDependency */,
			);
			name = finduxTests;
			productName = finduxTests;
			productReference = B71B91D32A4CAD5D00843ACA /* finduxTests.xctest */;
			productType = "com.apple.product-type.bundle.unit-test";
		};
		B71B91DC2A4CAD5D00843ACA /* finduxUITests */ = {
			isa = PBXNativeTarget;
			buildConfigurationList = B71B91ED2A4CAD5D00843ACA /* Build configuration list for PBXNativeTarget "finduxUITests" */;
			buildPhases = (
				B71B91D92A4CAD5D00843ACA /* Sources */,
				B71B91DA2A4CAD5D00843ACA /* Frameworks */,
				B71B91DB2A4CAD5D00843ACA /* Resources */,
			);
			buildRules = (
			);
			dependencies = (
				B71B91DF2A4CAD5D00843ACA /* PBXTargetDependency */,
			);
			name = finduxUITests;
			productName = finduxUITests;
			productReference = B71B91DD2A4CAD5D00843ACA /* finduxUITests.xctest */;
			productType = "com.apple.product-type.bundle.ui-testing";
		};
/* End PBXNativeTarget section */

/* Begin PBXProject section */
		B71B91B52A4CAD5A00843ACA /* Project object */ = {
			isa = PBXProject;
			attributes = {
				BuildIndependentTargetsInParallel = 1;
				LastSwiftUpdateCheck = 1420;
				LastUpgradeCheck = 1420;
				TargetAttributes = {
					B71B91BC2A4CAD5A00843ACA = {
						CreatedOnToolsVersion = 14.2;
					};
					B71B91D22A4CAD5D00843ACA = {
						CreatedOnToolsVersion = 14.2;
						TestTargetID = B71B91BC2A4CAD5A00843ACA;
					};
					B71B91DC2A4CAD5D00843ACA = {
						CreatedOnToolsVersion = 14.2;
						TestTargetID = B71B91BC2A4CAD5A00843ACA;
					};
				};
			};
			buildConfigurationList = B71B91B82A4CAD5A00843ACA /* Build configuration list for PBXProject "findux" */;
			compatibilityVersion = "Xcode 14.0";
			developmentRegion = en;
			hasScannedForEncodings = 0;
			knownRegions = (
				en,
				Base,
				"pt-BR",
			);
			mainGroup = B71B91B42A4CAD5A00843ACA;
			packageReferences = (
				B79839932AA8DE1E00FD269D /* XCRemoteSwiftPackageReference "GoogleSignIn-iOS" */,
			);
			productRefGroup = B71B91BE2A4CAD5B00843ACA /* Products */;
			projectDirPath = "";
			projectRoot = "";
			targets = (
				B71B91BC2A4CAD5A00843ACA /* findux */,
				B71B91D22A4CAD5D00843ACA /* finduxTests */,
				B71B91DC2A4CAD5D00843ACA /* finduxUITests */,
			);
		};
/* End PBXProject section */

/* Begin PBXResourcesBuildPhase section */
		B71B91BB2A4CAD5A00843ACA /* Resources */ = {
			isa = PBXResourcesBuildPhase;
			buildActionMask = 2147483647;
			files = (
				B762013B2AEAC28400DB4B3D /* courses.json in Resources */,
				B7644D4F2ACF034000C3D4E7 /* PresentationView.xib in Resources */,
				B70688582ADF0F59005DDBC6 /* CoursesTableViewCell.xib in Resources */,
				B71B91CD2A4CAD5C00843ACA /* LaunchScreen.storyboard in Resources */,
				B72E916B2AE6B5E700300971 /* Localizable.strings in Resources */,
				B79839972AA8DF2200FD269D /* credentials.plist in Resources */,
				B71B91CA2A4CAD5C00843ACA /* Assets.xcassets in Resources */,
				B7FB6BA42AA0D70600F944E7 /* PasswordView.xib in Resources */,
			);
			runOnlyForDeploymentPostprocessing = 0;
		};
		B71B91D12A4CAD5D00843ACA /* Resources */ = {
			isa = PBXResourcesBuildPhase;
			buildActionMask = 2147483647;
			files = (
			);
			runOnlyForDeploymentPostprocessing = 0;
		};
		B71B91DB2A4CAD5D00843ACA /* Resources */ = {
			isa = PBXResourcesBuildPhase;
			buildActionMask = 2147483647;
			files = (
			);
			runOnlyForDeploymentPostprocessing = 0;
		};
/* End PBXResourcesBuildPhase section */

/* Begin PBXSourcesBuildPhase section */
		B71B91B92A4CAD5A00843ACA /* Sources */ = {
			isa = PBXSourcesBuildPhase;
			buildActionMask = 2147483647;
			files = (
				B7787AA92AB2533B00E281FB /* EyeButton.swift in Sources */,
				B79839992AA8FDD900FD269D /* GoogleSignInCredentialsModel.swift in Sources */,
				B79F9FBC2A4CB0BD0000B973 /* Coordinator.swift in Sources */,
				B7368F892AC5C6F000533673 /* HomeCollectionViewCell.swift in Sources */,
				B73774B72A9D192600B56B74 /* BaseView.swift in Sources */,
				B7923BB92A9FB2880095B443 /* Network.swift in Sources */,
				B76BEC5F2A99420200A24FEE /* BaseViewController.swift in Sources */,
				B77CE8C42AC1D17D003C7E2A /* UserModel.swift in Sources */,
				B79E3AA72A8EA7AA00C8BD2E /* CoordinatorNavigationController.swift in Sources */,
				B736912F2A7AE57E00A67F4B /* UINavigationControllerExtension.swift in Sources */,
				B727BCB72AC5E6F20077B515 /* HomeCellModel.swift in Sources */,
				B71B91C52A4CAD5B00843ACA /* HomeViewController.swift in Sources */,
				B784D4C12A86AD6D00CD0E39 /* BaseChildCoordinator.swift in Sources */,
				B7C068272A98E92900A5F9B2 /* PasswordViewController.swift in Sources */,
				B7FC49372ACB15F400193A9E /* PresentationView.swift in Sources */,
				B71B91C12A4CAD5B00843ACA /* AppDelegate.swift in Sources */,
				B7FC49342ACB158500193A9E /* PresentationViewController.swift in Sources */,
				B70D4A002AAB98A20069D4BF /* ViewControllerPreview.swift in Sources */,
				B71F5E112AC1B789009C992F /* SignStatus.swift in Sources */,
				B7EF65ED2AD6EF05006D7E8A /* CoursesView.swift in Sources */,
				B7C068292A98EBBE00A5F9B2 /* UIViewExtension.swift in Sources */,
				B70D49FC2AAB96F40069D4BF /* SeparatorView.swift in Sources */,
				B79F9FCB2A4DDE730000B973 /* MainCoordinator.swift in Sources */,
				B7C0682B2A98F26A00A5F9B2 /* PasswordCoordinator.swift in Sources */,
				B76265D52AD7288E003D134C /* PresentationViewModel.swift in Sources */,
				B762013E2AEAC61700DB4B3D /* JSONManager.swift in Sources */,
				B79F9FBF2A4CB1E40000B973 /* BaseCoordinator.swift in Sources */,
				B79C7B242ABCE2290051A4DC /* UserDefaultsManager.swift in Sources */,
				B7D566292AE8340900E56374 /* UserGIDProfile.swift in Sources */,
				B71F5E0D2AC1B566009C992F /* UserProfile.swift in Sources */,
				B70D4A022AAB98D50069D4BF /* ViewPreview.swift in Sources */,
				B7027A102AC3634E00E9B249 /* LoginError.swift in Sources */,
				B71B91C32A4CAD5B00843ACA /* SceneDelegate.swift in Sources */,
				B7EF65E92AD6E119006D7E8A /* CoursesCoordinator.swift in Sources */,
				B7EF65EB2AD6EDFB006D7E8A /* CoursesViewController.swift in Sources */,
				B7BAE1662AEBFEA900160D4E /* WebKitView.swift in Sources */,
				B72CBE132AD5AD3B00475A3D /* PresentationModel.swift in Sources */,
				B72CBE102AD5AAD400475A3D /* PresentationViewModelProtocol.swift in Sources */,
				B7027A162AC4585300E9B249 /* FieldError.swift in Sources */,
				B79F9FC12A4CB4B00000B973 /* HomeCoordinator.swift in Sources */,
				B76BEC632A995AB900A24FEE /* FullAccessViewControllerDelegate.swift in Sources */,
				B76BEC612A99424200A24FEE /* LifeCycleViewControllerDelegate.swift in Sources */,
				B76BEC5D2A9941C000A24FEE /* PasswordView.swift in Sources */,
				B79F9FC82A4D23390000B973 /* ViewCoordinatorDelegate.swift in Sources */,
				B7787AA72AB2501300E281FB /* PasswordTextField.swift in Sources */,
				B70688562ADF0D7F005DDBC6 /* CoursesTableViewCell.swift in Sources */,
				B79C7B222ABCDC280051A4DC /* KeychainManager.swift in Sources */,
				B77FD9BE2ADF191300E5803D /* CoursesCellModel.swift in Sources */,
				B70C358D2AC34C7600A55AC8 /* PasswordViewModel.swift in Sources */,
				B7DEDA1E2AEC10FB000D31D5 /* WebViewController.swift in Sources */,
				B7FC49312ACB153300193A9E /* PresentationCoordinator.swift in Sources */,
				B79C7B272ABDDCC40051A4DC /* FieldValidatorHelper.swift in Sources */,
				B7850DEC2AB5EBD700106DFD /* LinkButtonLabel.swift in Sources */,
				B76BEC502A99410F00A24FEE /* HomeView.swift in Sources */,
				B7C0682E2A98F61100A5F9B2 /* BaseViewEmbedScrollViewController.swift in Sources */,
				B7C068302A993C9E00A5F9B2 /* ChildCoordinator.swift in Sources */,
				B7027A192AC45AFB00E9B249 /* CustomErrorProtocol.swift in Sources */,
				B72728FD2AC7179E00444A0B /* HomeCellLayout.swift in Sources */,
			);
			runOnlyForDeploymentPostprocessing = 0;
		};
		B71B91CF2A4CAD5D00843ACA /* Sources */ = {
			isa = PBXSourcesBuildPhase;
			buildActionMask = 2147483647;
			files = (
				B71B91D82A4CAD5D00843ACA /* finduxTests.swift in Sources */,
				B784D4C32A86C75B00CD0E39 /* BaseCoordinatorTests.swift in Sources */,
			);
			runOnlyForDeploymentPostprocessing = 0;
		};
		B71B91D92A4CAD5D00843ACA /* Sources */ = {
			isa = PBXSourcesBuildPhase;
			buildActionMask = 2147483647;
			files = (
				B71B91E42A4CAD5D00843ACA /* finduxUITestsLaunchTests.swift in Sources */,
				B71B91E22A4CAD5D00843ACA /* finduxUITests.swift in Sources */,
			);
			runOnlyForDeploymentPostprocessing = 0;
		};
/* End PBXSourcesBuildPhase section */

/* Begin PBXTargetDependency section */
		B71B91D52A4CAD5D00843ACA /* PBXTargetDependency */ = {
			isa = PBXTargetDependency;
			target = B71B91BC2A4CAD5A00843ACA /* findux */;
			targetProxy = B71B91D42A4CAD5D00843ACA /* PBXContainerItemProxy */;
		};
		B71B91DF2A4CAD5D00843ACA /* PBXTargetDependency */ = {
			isa = PBXTargetDependency;
			target = B71B91BC2A4CAD5A00843ACA /* findux */;
			targetProxy = B71B91DE2A4CAD5D00843ACA /* PBXContainerItemProxy */;
		};
/* End PBXTargetDependency section */

/* Begin PBXVariantGroup section */
		B71B91CB2A4CAD5C00843ACA /* LaunchScreen.storyboard */ = {
			isa = PBXVariantGroup;
			children = (
				B71B91CC2A4CAD5C00843ACA /* Base */,
			);
			name = LaunchScreen.storyboard;
			sourceTree = "<group>";
		};
		B72E916D2AE6B5E700300971 /* Localizable.strings */ = {
			isa = PBXVariantGroup;
			children = (
				B72E916C2AE6B5E700300971 /* pt-BR */,
			);
			name = Localizable.strings;
			sourceTree = "<group>";
		};
/* End PBXVariantGroup section */

/* Begin XCBuildConfiguration section */
		B71B91E52A4CAD5D00843ACA /* Debug */ = {
			isa = XCBuildConfiguration;
			buildSettings = {
				ALWAYS_SEARCH_USER_PATHS = NO;
				CLANG_ANALYZER_LOCALIZABILITY_NONLOCALIZED = YES;
				CLANG_ANALYZER_NONNULL = YES;
				CLANG_ANALYZER_NUMBER_OBJECT_CONVERSION = YES_AGGRESSIVE;
				CLANG_CXX_LANGUAGE_STANDARD = "gnu++20";
				CLANG_ENABLE_MODULES = YES;
				CLANG_ENABLE_OBJC_ARC = YES;
				CLANG_ENABLE_OBJC_WEAK = YES;
				CLANG_WARN_BLOCK_CAPTURE_AUTORELEASING = YES;
				CLANG_WARN_BOOL_CONVERSION = YES;
				CLANG_WARN_COMMA = YES;
				CLANG_WARN_CONSTANT_CONVERSION = YES;
				CLANG_WARN_DEPRECATED_OBJC_IMPLEMENTATIONS = YES;
				CLANG_WARN_DIRECT_OBJC_ISA_USAGE = YES_ERROR;
				CLANG_WARN_DOCUMENTATION_COMMENTS = YES;
				CLANG_WARN_EMPTY_BODY = YES;
				CLANG_WARN_ENUM_CONVERSION = YES;
				CLANG_WARN_INFINITE_RECURSION = YES;
				CLANG_WARN_INT_CONVERSION = YES;
				CLANG_WARN_NON_LITERAL_NULL_CONVERSION = YES;
				CLANG_WARN_OBJC_IMPLICIT_RETAIN_SELF = YES;
				CLANG_WARN_OBJC_LITERAL_CONVERSION = YES;
				CLANG_WARN_OBJC_ROOT_CLASS = YES_ERROR;
				CLANG_WARN_QUOTED_INCLUDE_IN_FRAMEWORK_HEADER = YES;
				CLANG_WARN_RANGE_LOOP_ANALYSIS = YES;
				CLANG_WARN_STRICT_PROTOTYPES = YES;
				CLANG_WARN_SUSPICIOUS_MOVE = YES;
				CLANG_WARN_UNGUARDED_AVAILABILITY = YES_AGGRESSIVE;
				CLANG_WARN_UNREACHABLE_CODE = YES;
				CLANG_WARN__DUPLICATE_METHOD_MATCH = YES;
				COPY_PHASE_STRIP = NO;
				DEBUG_INFORMATION_FORMAT = dwarf;
				ENABLE_STRICT_OBJC_MSGSEND = YES;
				ENABLE_TESTABILITY = YES;
				GCC_C_LANGUAGE_STANDARD = gnu11;
				GCC_DYNAMIC_NO_PIC = NO;
				GCC_NO_COMMON_BLOCKS = YES;
				GCC_OPTIMIZATION_LEVEL = 0;
				GCC_PREPROCESSOR_DEFINITIONS = (
					"DEBUG=1",
					"$(inherited)",
				);
				GCC_WARN_64_TO_32_BIT_CONVERSION = YES;
				GCC_WARN_ABOUT_RETURN_TYPE = YES_ERROR;
				GCC_WARN_UNDECLARED_SELECTOR = YES;
				GCC_WARN_UNINITIALIZED_AUTOS = YES_AGGRESSIVE;
				GCC_WARN_UNUSED_FUNCTION = YES;
				GCC_WARN_UNUSED_VARIABLE = YES;
				IPHONEOS_DEPLOYMENT_TARGET = 13.0;
				MTL_ENABLE_DEBUG_INFO = INCLUDE_SOURCE;
				MTL_FAST_MATH = YES;
				ONLY_ACTIVE_ARCH = YES;
				SDKROOT = iphoneos;
				SWIFT_ACTIVE_COMPILATION_CONDITIONS = DEBUG;
				SWIFT_OPTIMIZATION_LEVEL = "-Onone";
			};
			name = Debug;
		};
		B71B91E62A4CAD5D00843ACA /* Release */ = {
			isa = XCBuildConfiguration;
			buildSettings = {
				ALWAYS_SEARCH_USER_PATHS = NO;
				CLANG_ANALYZER_LOCALIZABILITY_NONLOCALIZED = YES;
				CLANG_ANALYZER_NONNULL = YES;
				CLANG_ANALYZER_NUMBER_OBJECT_CONVERSION = YES_AGGRESSIVE;
				CLANG_CXX_LANGUAGE_STANDARD = "gnu++20";
				CLANG_ENABLE_MODULES = YES;
				CLANG_ENABLE_OBJC_ARC = YES;
				CLANG_ENABLE_OBJC_WEAK = YES;
				CLANG_WARN_BLOCK_CAPTURE_AUTORELEASING = YES;
				CLANG_WARN_BOOL_CONVERSION = YES;
				CLANG_WARN_COMMA = YES;
				CLANG_WARN_CONSTANT_CONVERSION = YES;
				CLANG_WARN_DEPRECATED_OBJC_IMPLEMENTATIONS = YES;
				CLANG_WARN_DIRECT_OBJC_ISA_USAGE = YES_ERROR;
				CLANG_WARN_DOCUMENTATION_COMMENTS = YES;
				CLANG_WARN_EMPTY_BODY = YES;
				CLANG_WARN_ENUM_CONVERSION = YES;
				CLANG_WARN_INFINITE_RECURSION = YES;
				CLANG_WARN_INT_CONVERSION = YES;
				CLANG_WARN_NON_LITERAL_NULL_CONVERSION = YES;
				CLANG_WARN_OBJC_IMPLICIT_RETAIN_SELF = YES;
				CLANG_WARN_OBJC_LITERAL_CONVERSION = YES;
				CLANG_WARN_OBJC_ROOT_CLASS = YES_ERROR;
				CLANG_WARN_QUOTED_INCLUDE_IN_FRAMEWORK_HEADER = YES;
				CLANG_WARN_RANGE_LOOP_ANALYSIS = YES;
				CLANG_WARN_STRICT_PROTOTYPES = YES;
				CLANG_WARN_SUSPICIOUS_MOVE = YES;
				CLANG_WARN_UNGUARDED_AVAILABILITY = YES_AGGRESSIVE;
				CLANG_WARN_UNREACHABLE_CODE = YES;
				CLANG_WARN__DUPLICATE_METHOD_MATCH = YES;
				COPY_PHASE_STRIP = NO;
				DEBUG_INFORMATION_FORMAT = "dwarf-with-dsym";
				ENABLE_NS_ASSERTIONS = NO;
				ENABLE_STRICT_OBJC_MSGSEND = YES;
				GCC_C_LANGUAGE_STANDARD = gnu11;
				GCC_NO_COMMON_BLOCKS = YES;
				GCC_WARN_64_TO_32_BIT_CONVERSION = YES;
				GCC_WARN_ABOUT_RETURN_TYPE = YES_ERROR;
				GCC_WARN_UNDECLARED_SELECTOR = YES;
				GCC_WARN_UNINITIALIZED_AUTOS = YES_AGGRESSIVE;
				GCC_WARN_UNUSED_FUNCTION = YES;
				GCC_WARN_UNUSED_VARIABLE = YES;
				IPHONEOS_DEPLOYMENT_TARGET = 13.0;
				MTL_ENABLE_DEBUG_INFO = NO;
				MTL_FAST_MATH = YES;
				SDKROOT = iphoneos;
				SWIFT_COMPILATION_MODE = wholemodule;
				SWIFT_OPTIMIZATION_LEVEL = "-O";
				VALIDATE_PRODUCT = YES;
			};
			name = Release;
		};
		B71B91E82A4CAD5D00843ACA /* Debug */ = {
			isa = XCBuildConfiguration;
			buildSettings = {
				ASSETCATALOG_COMPILER_APPICON_NAME = AppIcon;
				ASSETCATALOG_COMPILER_GLOBAL_ACCENT_COLOR_NAME = AccentColor;
				CODE_SIGN_STYLE = Automatic;
				CURRENT_PROJECT_VERSION = 1;
				DEVELOPMENT_TEAM = 9QCEA3X339;
				GENERATE_INFOPLIST_FILE = YES;
				INFOPLIST_FILE = findux/Info.plist;
				INFOPLIST_KEY_CFBundleDisplayName = Findux;
				INFOPLIST_KEY_LSApplicationCategoryType = "public.app-category.finance";
				INFOPLIST_KEY_UIApplicationSupportsIndirectInputEvents = YES;
				INFOPLIST_KEY_UILaunchStoryboardName = LaunchScreen;
				INFOPLIST_KEY_UISupportedInterfaceOrientations_iPad = "UIInterfaceOrientationPortrait UIInterfaceOrientationPortraitUpsideDown UIInterfaceOrientationLandscapeLeft UIInterfaceOrientationLandscapeRight";
				INFOPLIST_KEY_UISupportedInterfaceOrientations_iPhone = "UIInterfaceOrientationPortrait UIInterfaceOrientationLandscapeLeft UIInterfaceOrientationLandscapeRight";
				IPHONEOS_DEPLOYMENT_TARGET = 13.0;
				LD_RUNPATH_SEARCH_PATHS = (
					"$(inherited)",
					"@executable_path/Frameworks",
				);
				MARKETING_VERSION = 1.0;
				PRODUCT_BUNDLE_IDENTIFIER = com.ifce.findux;
				PRODUCT_NAME = "$(TARGET_NAME)";
				SWIFT_EMIT_LOC_STRINGS = YES;
				SWIFT_VERSION = 5.0;
				TARGETED_DEVICE_FAMILY = "1,2";
			};
			name = Debug;
		};
		B71B91E92A4CAD5D00843ACA /* Release */ = {
			isa = XCBuildConfiguration;
			buildSettings = {
				ASSETCATALOG_COMPILER_APPICON_NAME = AppIcon;
				ASSETCATALOG_COMPILER_GLOBAL_ACCENT_COLOR_NAME = AccentColor;
				CODE_SIGN_STYLE = Automatic;
				CURRENT_PROJECT_VERSION = 1;
				DEVELOPMENT_TEAM = 9QCEA3X339;
				GENERATE_INFOPLIST_FILE = YES;
				INFOPLIST_FILE = findux/Info.plist;
				INFOPLIST_KEY_CFBundleDisplayName = Findux;
				INFOPLIST_KEY_LSApplicationCategoryType = "public.app-category.finance";
				INFOPLIST_KEY_UIApplicationSupportsIndirectInputEvents = YES;
				INFOPLIST_KEY_UILaunchStoryboardName = LaunchScreen;
				INFOPLIST_KEY_UISupportedInterfaceOrientations_iPad = "UIInterfaceOrientationPortrait UIInterfaceOrientationPortraitUpsideDown UIInterfaceOrientationLandscapeLeft UIInterfaceOrientationLandscapeRight";
				INFOPLIST_KEY_UISupportedInterfaceOrientations_iPhone = "UIInterfaceOrientationPortrait UIInterfaceOrientationLandscapeLeft UIInterfaceOrientationLandscapeRight";
				IPHONEOS_DEPLOYMENT_TARGET = 13.0;
				LD_RUNPATH_SEARCH_PATHS = (
					"$(inherited)",
					"@executable_path/Frameworks",
				);
				MARKETING_VERSION = 1.0;
				PRODUCT_BUNDLE_IDENTIFIER = com.ifce.findux;
				PRODUCT_NAME = "$(TARGET_NAME)";
				SWIFT_EMIT_LOC_STRINGS = YES;
				SWIFT_VERSION = 5.0;
				TARGETED_DEVICE_FAMILY = "1,2";
			};
			name = Release;
		};
		B71B91EB2A4CAD5D00843ACA /* Debug */ = {
			isa = XCBuildConfiguration;
			buildSettings = {
				ALWAYS_EMBED_SWIFT_STANDARD_LIBRARIES = YES;
				BUNDLE_LOADER = "$(TEST_HOST)";
				CODE_SIGN_STYLE = Automatic;
				CURRENT_PROJECT_VERSION = 1;
				DEVELOPMENT_TEAM = 9QCEA3X339;
				GENERATE_INFOPLIST_FILE = YES;
				IPHONEOS_DEPLOYMENT_TARGET = 13.0;
				MARKETING_VERSION = 1.0;
				PRODUCT_BUNDLE_IDENTIFIER = com.ifce.finduxTests;
				PRODUCT_NAME = "$(TARGET_NAME)";
				SWIFT_EMIT_LOC_STRINGS = NO;
				SWIFT_VERSION = 5.0;
				TARGETED_DEVICE_FAMILY = "1,2";
				TEST_HOST = "$(BUILT_PRODUCTS_DIR)/findux.app/$(BUNDLE_EXECUTABLE_FOLDER_PATH)/findux";
			};
			name = Debug;
		};
		B71B91EC2A4CAD5D00843ACA /* Release */ = {
			isa = XCBuildConfiguration;
			buildSettings = {
				ALWAYS_EMBED_SWIFT_STANDARD_LIBRARIES = YES;
				BUNDLE_LOADER = "$(TEST_HOST)";
				CODE_SIGN_STYLE = Automatic;
				CURRENT_PROJECT_VERSION = 1;
				DEVELOPMENT_TEAM = 9QCEA3X339;
				GENERATE_INFOPLIST_FILE = YES;
				IPHONEOS_DEPLOYMENT_TARGET = 13.0;
				MARKETING_VERSION = 1.0;
				PRODUCT_BUNDLE_IDENTIFIER = com.ifce.finduxTests;
				PRODUCT_NAME = "$(TARGET_NAME)";
				SWIFT_EMIT_LOC_STRINGS = NO;
				SWIFT_VERSION = 5.0;
				TARGETED_DEVICE_FAMILY = "1,2";
				TEST_HOST = "$(BUILT_PRODUCTS_DIR)/findux.app/$(BUNDLE_EXECUTABLE_FOLDER_PATH)/findux";
			};
			name = Release;
		};
		B71B91EE2A4CAD5D00843ACA /* Debug */ = {
			isa = XCBuildConfiguration;
			buildSettings = {
				ALWAYS_EMBED_SWIFT_STANDARD_LIBRARIES = YES;
				CODE_SIGN_STYLE = Automatic;
				CURRENT_PROJECT_VERSION = 1;
				DEVELOPMENT_TEAM = 9QCEA3X339;
				GENERATE_INFOPLIST_FILE = YES;
				MARKETING_VERSION = 1.0;
				PRODUCT_BUNDLE_IDENTIFIER = com.ifce.finduxUITests;
				PRODUCT_NAME = "$(TARGET_NAME)";
				SWIFT_EMIT_LOC_STRINGS = NO;
				SWIFT_VERSION = 5.0;
				TARGETED_DEVICE_FAMILY = "1,2";
				TEST_TARGET_NAME = findux;
			};
			name = Debug;
		};
		B71B91EF2A4CAD5D00843ACA /* Release */ = {
			isa = XCBuildConfiguration;
			buildSettings = {
				ALWAYS_EMBED_SWIFT_STANDARD_LIBRARIES = YES;
				CODE_SIGN_STYLE = Automatic;
				CURRENT_PROJECT_VERSION = 1;
				DEVELOPMENT_TEAM = 9QCEA3X339;
				GENERATE_INFOPLIST_FILE = YES;
				MARKETING_VERSION = 1.0;
				PRODUCT_BUNDLE_IDENTIFIER = com.ifce.finduxUITests;
				PRODUCT_NAME = "$(TARGET_NAME)";
				SWIFT_EMIT_LOC_STRINGS = NO;
				SWIFT_VERSION = 5.0;
				TARGETED_DEVICE_FAMILY = "1,2";
				TEST_TARGET_NAME = findux;
			};
			name = Release;
		};
/* End XCBuildConfiguration section */

/* Begin XCConfigurationList section */
		B71B91B82A4CAD5A00843ACA /* Build configuration list for PBXProject "findux" */ = {
			isa = XCConfigurationList;
			buildConfigurations = (
				B71B91E52A4CAD5D00843ACA /* Debug */,
				B71B91E62A4CAD5D00843ACA /* Release */,
			);
			defaultConfigurationIsVisible = 0;
			defaultConfigurationName = Release;
		};
		B71B91E72A4CAD5D00843ACA /* Build configuration list for PBXNativeTarget "findux" */ = {
			isa = XCConfigurationList;
			buildConfigurations = (
				B71B91E82A4CAD5D00843ACA /* Debug */,
				B71B91E92A4CAD5D00843ACA /* Release */,
			);
			defaultConfigurationIsVisible = 0;
			defaultConfigurationName = Release;
		};
		B71B91EA2A4CAD5D00843ACA /* Build configuration list for PBXNativeTarget "finduxTests" */ = {
			isa = XCConfigurationList;
			buildConfigurations = (
				B71B91EB2A4CAD5D00843ACA /* Debug */,
				B71B91EC2A4CAD5D00843ACA /* Release */,
			);
			defaultConfigurationIsVisible = 0;
			defaultConfigurationName = Release;
		};
		B71B91ED2A4CAD5D00843ACA /* Build configuration list for PBXNativeTarget "finduxUITests" */ = {
			isa = XCConfigurationList;
			buildConfigurations = (
				B71B91EE2A4CAD5D00843ACA /* Debug */,
				B71B91EF2A4CAD5D00843ACA /* Release */,
			);
			defaultConfigurationIsVisible = 0;
			defaultConfigurationName = Release;
		};
/* End XCConfigurationList section */

/* Begin XCRemoteSwiftPackageReference section */
		B79839932AA8DE1E00FD269D /* XCRemoteSwiftPackageReference "GoogleSignIn-iOS" */ = {
			isa = XCRemoteSwiftPackageReference;
			repositoryURL = "https://github.com/google/GoogleSignIn-iOS";
			requirement = {
				kind = upToNextMajorVersion;
				minimumVersion = 7.0.0;
			};
		};
/* End XCRemoteSwiftPackageReference section */

/* Begin XCSwiftPackageProductDependency section */
		B79839942AA8DE1E00FD269D /* GoogleSignIn */ = {
			isa = XCSwiftPackageProductDependency;
			package = B79839932AA8DE1E00FD269D /* XCRemoteSwiftPackageReference "GoogleSignIn-iOS" */;
			productName = GoogleSignIn;
		};
/* End XCSwiftPackageProductDependency section */
	};
	rootObject = B71B91B52A4CAD5A00843ACA /* Project object */;
}
